// !$*UTF8*$!
{
	archiveVersion = 1;
	classes = {
	};
	objectVersion = 77;
	objects = {

/* Begin PBXBuildFile section */
		18E69CD2D7C19C207A26333D /* AppRepos.swift in Sources */ = {isa = PBXBuildFile; fileRef = 549812F17882081A5B8BFFA5 /* AppRepos.swift */; };
		1F3034CAABEEC408FC5C3349 /* AppEnvironment.swift in Sources */ = {isa = PBXBuildFile; fileRef = 8D5F3DAD2CE5B6479618FA78 /* AppEnvironment.swift */; };
		1FD745B241CC985DA29E71E4 /* VinctusNativeTests.swift in Sources */ = {isa = PBXBuildFile; fileRef = 32FBE102A72FA92BC6E78DE8 /* VinctusNativeTests.swift */; };
		258B93107D59AE1D2710F3C7 /* Assets.xcassets in Resources */ = {isa = PBXBuildFile; fileRef = 0E6159A864B4EAEF43187E9D /* Assets.xcassets */; };
		2A31DA0380732628BF5690AF /* AuthRepo.swift in Sources */ = {isa = PBXBuildFile; fileRef = 56BEAB7DDD89690EA42F3C05 /* AuthRepo.swift */; };
		2E52E49553FC445ED1F933C9 /* EngagementViews.swift in Sources */ = {isa = PBXBuildFile; fileRef = 38A1079016261021F698B1A1 /* EngagementViews.swift */; };
		32AF883622775303F071DB98 /* FirestoreValue.swift in Sources */ = {isa = PBXBuildFile; fileRef = 351BF9B2FD2261C625C4EAB9 /* FirestoreValue.swift */; };
		4226D89F89D8CF2F00A5103B /* LegalConfig.swift in Sources */ = {isa = PBXBuildFile; fileRef = B85DBA4268882F47AC4FE113 /* LegalConfig.swift */; };
		4264A26CC00C6028BDE33BAF /* DeleteAccountRepo.swift in Sources */ = {isa = PBXBuildFile; fileRef = A3E7ACD7BADF8C41B974DC07 /* DeleteAccountRepo.swift */; };
		5112777F595730C6B24455F9 /* GoogleSignIn in Frameworks */ = {isa = PBXBuildFile; productRef = 94BC5A68B5818E1E2DCBF558 /* GoogleSignIn */; };
		52AEADE0B160E870D82F9819 /* DiscoverRepo.swift in Sources */ = {isa = PBXBuildFile; fileRef = DEDC06F7AB07D1A9C402E63D /* DiscoverRepo.swift */; };
		53CBAB862E2B28D33FE5A32D /* SettingsView.swift in Sources */ = {isa = PBXBuildFile; fileRef = 100FDADD6AA62CB22A34A95A /* SettingsView.swift */; };
		5A40C4640057C5F9412D8458 /* ModerationRepo.swift in Sources */ = {isa = PBXBuildFile; fileRef = 00FE6D79AE71081B170ECC42 /* ModerationRepo.swift */; };
		5D97750F7A08F3D9D6F60169 /* SettingsViewModel.swift in Sources */ = {isa = PBXBuildFile; fileRef = D784C477D81A32320096F8E5 /* SettingsViewModel.swift */; };
		6947D15503FA798A384B2003 /* GroupsRepo.swift in Sources */ = {isa = PBXBuildFile; fileRef = F4AF3E78776E008DCBCCE603 /* GroupsRepo.swift */; };
		69DDA25CABB934F924FADB02 /* AppLog.swift in Sources */ = {isa = PBXBuildFile; fileRef = F5CF089CAB1B656C12ADFE0B /* AppLog.swift */; };
		6E9B55544648086DFB8CABA6 /* RootView.swift in Sources */ = {isa = PBXBuildFile; fileRef = 8DDBE573FBD42A4C85601D7B /* RootView.swift */; };
		784110CF5F85F66F636C1955 /* FirebaseFirestore in Frameworks */ = {isa = PBXBuildFile; productRef = 64134F618816ABD24D123A39 /* FirebaseFirestore */; };
		79F9E78E4B27E25DFB090053 /* PostDetailViewModel.swift in Sources */ = {isa = PBXBuildFile; fileRef = A24E4BFA109CFF45F2A56BB0 /* PostDetailViewModel.swift */; };
		7CE1F09ABE92CF9FAFE94FCC /* ProfileRepo.swift in Sources */ = {isa = PBXBuildFile; fileRef = 7BB9D35810751BEE413C976C /* ProfileRepo.swift */; };
		805BF9AF2F39E585113C48C0 /* MainTabView.swift in Sources */ = {isa = PBXBuildFile; fileRef = 24982B1AEE8BAAF3D06E0174 /* MainTabView.swift */; };
		86DC8D1277CC1D448D9A899F /* AIViews.swift in Sources */ = {isa = PBXBuildFile; fileRef = 3852A5AEEFD4FCA9D3F2B7F2 /* AIViews.swift */; };
		93641E3774095EBCD077033C /* ProfileView.swift in Sources */ = {isa = PBXBuildFile; fileRef = 93322701149F177A0AEF9F25 /* ProfileView.swift */; };
		98586795FD141F50225ED03D /* PostDetailView.swift in Sources */ = {isa = PBXBuildFile; fileRef = 1BC3C2302F1C7F09C103E59A /* PostDetailView.swift */; };
		993435F28D7953EACE162F37 /* AuthGateView.swift in Sources */ = {isa = PBXBuildFile; fileRef = D7AA26EB3BB6396DF90851D0 /* AuthGateView.swift */; };
		A82AE84E836F2FC6FA56AD3D /* CreatePostView.swift in Sources */ = {isa = PBXBuildFile; fileRef = 969DCF5079D202F9A0045B69 /* CreatePostView.swift */; };
		AAA82ED739E25ABB8C4BB215 /* FirebaseAuth in Frameworks */ = {isa = PBXBuildFile; productRef = 1DFC0389A2A3A8827925595D /* FirebaseAuth */; };
		AE699BE6C1CD803E3A1EE6D9 /* ChatViews.swift in Sources */ = {isa = PBXBuildFile; fileRef = 0D46FC6F77E1DEA40E8E3FC1 /* ChatViews.swift */; };
		AEA35BB4946DAA8143D58DBF /* CreatePostViewModel.swift in Sources */ = {isa = PBXBuildFile; fileRef = 619BA2769710F464678212B9 /* CreatePostViewModel.swift */; };
		B545C26801EFDE89FC51388D /* GroupViewModel.swift in Sources */ = {isa = PBXBuildFile; fileRef = 1D3883A3D5EE4D1D56210E1E /* GroupViewModel.swift */; };
		B5AB10F32AC6F6F8E4120AE0 /* ChatRepo.swift in Sources */ = {isa = PBXBuildFile; fileRef = 1A3C8624F89A758A2F43F7F4 /* ChatRepo.swift */; };
		B9CC2B3538BDBFDD2A431A85 /* UserProfileBootstrapRepo.swift in Sources */ = {isa = PBXBuildFile; fileRef = 6FA5855A011D4903141887BA /* UserProfileBootstrapRepo.swift */; };
		BA9A905761323DA1D36E06AD /* ProfileViewModel.swift in Sources */ = {isa = PBXBuildFile; fileRef = 41C1C55E29D9A12048BE7F59 /* ProfileViewModel.swift */; };
		BE285E934ED68494D02B96F7 /* ConnectivityMonitor.swift in Sources */ = {isa = PBXBuildFile; fileRef = 2CE7BCB9C0EC61E996BBAAA9 /* ConnectivityMonitor.swift */; };
		C13F32D9EB35156C47828E28 /* AuthViewModel.swift in Sources */ = {isa = PBXBuildFile; fileRef = AB514F677093B210934C295E /* AuthViewModel.swift */; };
		C509E9852B6626529175A74D /* GroupView.swift in Sources */ = {isa = PBXBuildFile; fileRef = 956DEE8A59A8461A5CBE7352 /* GroupView.swift */; };
		CA3B5562FC3E24E6CE7C8641 /* DesignSystem.swift in Sources */ = {isa = PBXBuildFile; fileRef = DCB596E78CD05ADBCC70A1A1 /* DesignSystem.swift */; };
		CE57A236190A00295C87F25C /* DemoData.swift in Sources */ = {isa = PBXBuildFile; fileRef = 3D6750387611187EEAC30DA0 /* DemoData.swift */; };
		CED347EFDC5DA085E7D07226 /* FirebaseFunctions in Frameworks */ = {isa = PBXBuildFile; productRef = 044E1F95CB1FA517D5923FCC /* FirebaseFunctions */; };
		CEE76351CF20E4D879BB5F0F /* FirebaseStorage in Frameworks */ = {isa = PBXBuildFile; productRef = 215BFDEA7DFD70B3F014FF94 /* FirebaseStorage */; };
		CF5C6A311CB01D8F2E91DD96 /* FeedRepo.swift in Sources */ = {isa = PBXBuildFile; fileRef = F5C3A78870ED44EC7D6DC521 /* FeedRepo.swift */; };
		CF8CBF18BA51EC7CCEDFAC1C /* DiscoverViewModel.swift in Sources */ = {isa = PBXBuildFile; fileRef = B93B951A2821B579CB44C62A /* DiscoverViewModel.swift */; };
		D178D81E8757DDF840736C56 /* VinctusNativeApp.swift in Sources */ = {isa = PBXBuildFile; fileRef = 6975F29455C320517E339868 /* VinctusNativeApp.swift */; };
		D5DA1509EBED8861F6E351CB /* ProfileContentRepo.swift in Sources */ = {isa = PBXBuildFile; fileRef = 7158BB6F848B29745BE10476 /* ProfileContentRepo.swift */; };
		D791976912511A0DF15BF95D /* EngagementRepo.swift in Sources */ = {isa = PBXBuildFile; fileRef = 45F00DFDCD36453B89C03AAB /* EngagementRepo.swift */; };
		DBEBD44789F4FA2FE6F57A6B /* DiscoverView.swift in Sources */ = {isa = PBXBuildFile; fileRef = 3E5E3AEA2C985B8F07A4139A /* DiscoverView.swift */; };
		DF380FAF3EFD567A009B2F52 /* FeedView.swift in Sources */ = {isa = PBXBuildFile; fileRef = 0E1F0F7D204B17EB27F6FFE7 /* FeedView.swift */; };
		E07E8492FFDFFDC9EED632C6 /* ProfileSections.swift in Sources */ = {isa = PBXBuildFile; fileRef = 40F47345971A205011F4ACF8 /* ProfileSections.swift */; };
		E1DA297FE73A129627CBBB62 /* ModerationViews.swift in Sources */ = {isa = PBXBuildFile; fileRef = EFB346CF048C6F5164438B10 /* ModerationViews.swift */; };
		E4BFB9927E1A706F44F65317 /* AIConsentRepo.swift in Sources */ = {isa = PBXBuildFile; fileRef = 2963442B331DE781EFC87032 /* AIConsentRepo.swift */; };
		E66D79B966BD740B6F7BF0E7 /* AgeAssurance.swift in Sources */ = {isa = PBXBuildFile; fileRef = 812FD57B9F98A85E1A7FC557 /* AgeAssurance.swift */; };
		E6AF61E51BD52E4B36A534D7 /* Firebase in Resources */ = {isa = PBXBuildFile; fileRef = BE62D674D9DAFE9F84660E60 /* Firebase */; };
		E9C48790D106501001863F3F /* CreatePostRepo.swift in Sources */ = {isa = PBXBuildFile; fileRef = 6F567663546FCDF88E0E2A0B /* CreatePostRepo.swift */; };
		E9FAA40962B36E7BB9729D27 /* PostCommentsRepo.swift in Sources */ = {isa = PBXBuildFile; fileRef = 845993418ADBC6A5831CA265 /* PostCommentsRepo.swift */; };
		ED8DCE4A9E4D0252854E06A9 /* FirebaseBootstrap.swift in Sources */ = {isa = PBXBuildFile; fileRef = A7DBCD854E8F38BD2330EC30 /* FirebaseBootstrap.swift */; };
		F39B625ACE880D4A5AAD5002 /* AIRepo.swift in Sources */ = {isa = PBXBuildFile; fileRef = 9D606371AFA3FC76D94ADF52 /* AIRepo.swift */; };
		F4FF69E1DD8C4F249250676D /* FeedViewModel.swift in Sources */ = {isa = PBXBuildFile; fileRef = F2625341F82CE8AF3D4933DE /* FeedViewModel.swift */; };
/* End PBXBuildFile section */

/* Begin PBXContainerItemProxy section */
		156FF5CA9BE3B17FD94A110A /* PBXContainerItemProxy */ = {
			isa = PBXContainerItemProxy;
			containerPortal = C69454A017B116083EB8D97D /* Project object */;
			proxyType = 1;
			remoteGlobalIDString = A7F1811097CE929423E42689;
			remoteInfo = VinctusNative;
		};
/* End PBXContainerItemProxy section */

/* Begin PBXFileReference section */
		00FE6D79AE71081B170ECC42 /* ModerationRepo.swift */ = {isa = PBXFileReference; lastKnownFileType = sourcecode.swift; path = ModerationRepo.swift; sourceTree = "<group>"; };
		07714AE151DA08BF000A14ED /* Dev.xcconfig */ = {isa = PBXFileReference; lastKnownFileType = text.xcconfig; path = Dev.xcconfig; sourceTree = "<group>"; };
		0B22A4DAC5EE2AAB608DB50D /* VinctusNativeTests.xctest */ = {isa = PBXFileReference; includeInIndex = 0; lastKnownFileType = wrapper.cfbundle; path = VinctusNativeTests.xctest; sourceTree = BUILT_PRODUCTS_DIR; };
		0D46FC6F77E1DEA40E8E3FC1 /* ChatViews.swift */ = {isa = PBXFileReference; lastKnownFileType = sourcecode.swift; path = ChatViews.swift; sourceTree = "<group>"; };
		0E1F0F7D204B17EB27F6FFE7 /* FeedView.swift */ = {isa = PBXFileReference; lastKnownFileType = sourcecode.swift; path = FeedView.swift; sourceTree = "<group>"; };
		0E6159A864B4EAEF43187E9D /* Assets.xcassets */ = {isa = PBXFileReference; lastKnownFileType = folder.assetcatalog; path = Assets.xcassets; sourceTree = "<group>"; };
		100FDADD6AA62CB22A34A95A /* SettingsView.swift */ = {isa = PBXFileReference; lastKnownFileType = sourcecode.swift; path = SettingsView.swift; sourceTree = "<group>"; };
		1A3C8624F89A758A2F43F7F4 /* ChatRepo.swift */ = {isa = PBXFileReference; lastKnownFileType = sourcecode.swift; path = ChatRepo.swift; sourceTree = "<group>"; };
		1BC3C2302F1C7F09C103E59A /* PostDetailView.swift */ = {isa = PBXFileReference; lastKnownFileType = sourcecode.swift; path = PostDetailView.swift; sourceTree = "<group>"; };
		1D3883A3D5EE4D1D56210E1E /* GroupViewModel.swift */ = {isa = PBXFileReference; lastKnownFileType = sourcecode.swift; path = GroupViewModel.swift; sourceTree = "<group>"; };
		24982B1AEE8BAAF3D06E0174 /* MainTabView.swift */ = {isa = PBXFileReference; lastKnownFileType = sourcecode.swift; path = MainTabView.swift; sourceTree = "<group>"; };
		2963442B331DE781EFC87032 /* AIConsentRepo.swift */ = {isa = PBXFileReference; lastKnownFileType = sourcecode.swift; path = AIConsentRepo.swift; sourceTree = "<group>"; };
		2CE7BCB9C0EC61E996BBAAA9 /* ConnectivityMonitor.swift */ = {isa = PBXFileReference; lastKnownFileType = sourcecode.swift; path = ConnectivityMonitor.swift; sourceTree = "<group>"; };
		32FBE102A72FA92BC6E78DE8 /* VinctusNativeTests.swift */ = {isa = PBXFileReference; lastKnownFileType = sourcecode.swift; path = VinctusNativeTests.swift; sourceTree = "<group>"; };
		351BF9B2FD2261C625C4EAB9 /* FirestoreValue.swift */ = {isa = PBXFileReference; lastKnownFileType = sourcecode.swift; path = FirestoreValue.swift; sourceTree = "<group>"; };
		3852A5AEEFD4FCA9D3F2B7F2 /* AIViews.swift */ = {isa = PBXFileReference; lastKnownFileType = sourcecode.swift; path = AIViews.swift; sourceTree = "<group>"; };
		38A1079016261021F698B1A1 /* EngagementViews.swift */ = {isa = PBXFileReference; lastKnownFileType = sourcecode.swift; path = EngagementViews.swift; sourceTree = "<group>"; };
		3D6750387611187EEAC30DA0 /* DemoData.swift */ = {isa = PBXFileReference; lastKnownFileType = sourcecode.swift; path = DemoData.swift; sourceTree = "<group>"; };
		3E5E3AEA2C985B8F07A4139A /* DiscoverView.swift */ = {isa = PBXFileReference; lastKnownFileType = sourcecode.swift; path = DiscoverView.swift; sourceTree = "<group>"; };
		40F47345971A205011F4ACF8 /* ProfileSections.swift */ = {isa = PBXFileReference; lastKnownFileType = sourcecode.swift; path = ProfileSections.swift; sourceTree = "<group>"; };
		41C1C55E29D9A12048BE7F59 /* ProfileViewModel.swift */ = {isa = PBXFileReference; lastKnownFileType = sourcecode.swift; path = ProfileViewModel.swift; sourceTree = "<group>"; };
		45F00DFDCD36453B89C03AAB /* EngagementRepo.swift */ = {isa = PBXFileReference; lastKnownFileType = sourcecode.swift; path = EngagementRepo.swift; sourceTree = "<group>"; };
		549812F17882081A5B8BFFA5 /* AppRepos.swift */ = {isa = PBXFileReference; lastKnownFileType = sourcecode.swift; path = AppRepos.swift; sourceTree = "<group>"; };
		56BEAB7DDD89690EA42F3C05 /* AuthRepo.swift */ = {isa = PBXFileReference; lastKnownFileType = sourcecode.swift; path = AuthRepo.swift; sourceTree = "<group>"; };
		60DB300F1649A8258629249E /* Prod.xcconfig */ = {isa = PBXFileReference; lastKnownFileType = text.xcconfig; path = Prod.xcconfig; sourceTree = "<group>"; };
		619BA2769710F464678212B9 /* CreatePostViewModel.swift */ = {isa = PBXFileReference; lastKnownFileType = sourcecode.swift; path = CreatePostViewModel.swift; sourceTree = "<group>"; };
		6975F29455C320517E339868 /* VinctusNativeApp.swift */ = {isa = PBXFileReference; lastKnownFileType = sourcecode.swift; path = VinctusNativeApp.swift; sourceTree = "<group>"; };
		6F567663546FCDF88E0E2A0B /* CreatePostRepo.swift */ = {isa = PBXFileReference; lastKnownFileType = sourcecode.swift; path = CreatePostRepo.swift; sourceTree = "<group>"; };
		6FA5855A011D4903141887BA /* UserProfileBootstrapRepo.swift */ = {isa = PBXFileReference; lastKnownFileType = sourcecode.swift; path = UserProfileBootstrapRepo.swift; sourceTree = "<group>"; };
		7158BB6F848B29745BE10476 /* ProfileContentRepo.swift */ = {isa = PBXFileReference; lastKnownFileType = sourcecode.swift; path = ProfileContentRepo.swift; sourceTree = "<group>"; };
		7BB9D35810751BEE413C976C /* ProfileRepo.swift */ = {isa = PBXFileReference; lastKnownFileType = sourcecode.swift; path = ProfileRepo.swift; sourceTree = "<group>"; };
		812FD57B9F98A85E1A7FC557 /* AgeAssurance.swift */ = {isa = PBXFileReference; lastKnownFileType = sourcecode.swift; path = AgeAssurance.swift; sourceTree = "<group>"; };
		845993418ADBC6A5831CA265 /* PostCommentsRepo.swift */ = {isa = PBXFileReference; lastKnownFileType = sourcecode.swift; path = PostCommentsRepo.swift; sourceTree = "<group>"; };
		8D5F3DAD2CE5B6479618FA78 /* AppEnvironment.swift */ = {isa = PBXFileReference; lastKnownFileType = sourcecode.swift; path = AppEnvironment.swift; sourceTree = "<group>"; };
		8DDBE573FBD42A4C85601D7B /* RootView.swift */ = {isa = PBXFileReference; lastKnownFileType = sourcecode.swift; path = RootView.swift; sourceTree = "<group>"; };
		93322701149F177A0AEF9F25 /* ProfileView.swift */ = {isa = PBXFileReference; lastKnownFileType = sourcecode.swift; path = ProfileView.swift; sourceTree = "<group>"; };
		956DEE8A59A8461A5CBE7352 /* GroupView.swift */ = {isa = PBXFileReference; lastKnownFileType = sourcecode.swift; path = GroupView.swift; sourceTree = "<group>"; };
		95C5F3F30FF9C59DE0399CB7 /* VinctusNative.app */ = {isa = PBXFileReference; includeInIndex = 0; lastKnownFileType = wrapper.application; path = VinctusNative.app; sourceTree = BUILT_PRODUCTS_DIR; };
		969DCF5079D202F9A0045B69 /* CreatePostView.swift */ = {isa = PBXFileReference; lastKnownFileType = sourcecode.swift; path = CreatePostView.swift; sourceTree = "<group>"; };
		9D606371AFA3FC76D94ADF52 /* AIRepo.swift */ = {isa = PBXFileReference; lastKnownFileType = sourcecode.swift; path = AIRepo.swift; sourceTree = "<group>"; };
		A24E4BFA109CFF45F2A56BB0 /* PostDetailViewModel.swift */ = {isa = PBXFileReference; lastKnownFileType = sourcecode.swift; path = PostDetailViewModel.swift; sourceTree = "<group>"; };
		A3E7ACD7BADF8C41B974DC07 /* DeleteAccountRepo.swift */ = {isa = PBXFileReference; lastKnownFileType = sourcecode.swift; path = DeleteAccountRepo.swift; sourceTree = "<group>"; };
		A7DBCD854E8F38BD2330EC30 /* FirebaseBootstrap.swift */ = {isa = PBXFileReference; lastKnownFileType = sourcecode.swift; path = FirebaseBootstrap.swift; sourceTree = "<group>"; };
		AB514F677093B210934C295E /* AuthViewModel.swift */ = {isa = PBXFileReference; lastKnownFileType = sourcecode.swift; path = AuthViewModel.swift; sourceTree = "<group>"; };
		B85DBA4268882F47AC4FE113 /* LegalConfig.swift */ = {isa = PBXFileReference; lastKnownFileType = sourcecode.swift; path = LegalConfig.swift; sourceTree = "<group>"; };
		B93B951A2821B579CB44C62A /* DiscoverViewModel.swift */ = {isa = PBXFileReference; lastKnownFileType = sourcecode.swift; path = DiscoverViewModel.swift; sourceTree = "<group>"; };
		BE62D674D9DAFE9F84660E60 /* Firebase */ = {isa = PBXFileReference; lastKnownFileType = folder; name = Firebase; path = Resources/Firebase; sourceTree = SOURCE_ROOT; };
		C746389AA28E20A7435ECC38 /* Staging.xcconfig */ = {isa = PBXFileReference; lastKnownFileType = text.xcconfig; path = Staging.xcconfig; sourceTree = "<group>"; };
		D784C477D81A32320096F8E5 /* SettingsViewModel.swift */ = {isa = PBXFileReference; lastKnownFileType = sourcecode.swift; path = SettingsViewModel.swift; sourceTree = "<group>"; };
		D7AA26EB3BB6396DF90851D0 /* AuthGateView.swift */ = {isa = PBXFileReference; lastKnownFileType = sourcecode.swift; path = AuthGateView.swift; sourceTree = "<group>"; };
		DCB596E78CD05ADBCC70A1A1 /* DesignSystem.swift */ = {isa = PBXFileReference; lastKnownFileType = sourcecode.swift; path = DesignSystem.swift; sourceTree = "<group>"; };
		DEDC06F7AB07D1A9C402E63D /* DiscoverRepo.swift */ = {isa = PBXFileReference; lastKnownFileType = sourcecode.swift; path = DiscoverRepo.swift; sourceTree = "<group>"; };
		EFB346CF048C6F5164438B10 /* ModerationViews.swift */ = {isa = PBXFileReference; lastKnownFileType = sourcecode.swift; path = ModerationViews.swift; sourceTree = "<group>"; };
		F2625341F82CE8AF3D4933DE /* FeedViewModel.swift */ = {isa = PBXFileReference; lastKnownFileType = sourcecode.swift; path = FeedViewModel.swift; sourceTree = "<group>"; };
		F4AF3E78776E008DCBCCE603 /* GroupsRepo.swift */ = {isa = PBXFileReference; lastKnownFileType = sourcecode.swift; path = GroupsRepo.swift; sourceTree = "<group>"; };
		F5C3A78870ED44EC7D6DC521 /* FeedRepo.swift */ = {isa = PBXFileReference; lastKnownFileType = sourcecode.swift; path = FeedRepo.swift; sourceTree = "<group>"; };
		F5CF089CAB1B656C12ADFE0B /* AppLog.swift */ = {isa = PBXFileReference; lastKnownFileType = sourcecode.swift; path = AppLog.swift; sourceTree = "<group>"; };
/* End PBXFileReference section */

/* Begin PBXFrameworksBuildPhase section */
		34D941AF8820AE5CFB1D01D3 /* Frameworks */ = {
			isa = PBXFrameworksBuildPhase;
			buildActionMask = 2147483647;
			files = (
				AAA82ED739E25ABB8C4BB215 /* FirebaseAuth in Frameworks */,
				784110CF5F85F66F636C1955 /* FirebaseFirestore in Frameworks */,
				CED347EFDC5DA085E7D07226 /* FirebaseFunctions in Frameworks */,
				CEE76351CF20E4D879BB5F0F /* FirebaseStorage in Frameworks */,
				5112777F595730C6B24455F9 /* GoogleSignIn in Frameworks */,
			);
			runOnlyForDeploymentPostprocessing = 0;
		};
/* End PBXFrameworksBuildPhase section */

/* Begin PBXGroup section */
		0B0A07BF9FADF5E9621A1154 /* Tests */ = {
			isa = PBXGroup;
			children = (
				32FBE102A72FA92BC6E78DE8 /* VinctusNativeTests.swift */,
			);
			path = Tests;
			sourceTree = "<group>";
		};
		0DB66482E25504FCC31927BB /* Settings */ = {
			isa = PBXGroup;
			children = (
				A3E7ACD7BADF8C41B974DC07 /* DeleteAccountRepo.swift */,
				100FDADD6AA62CB22A34A95A /* SettingsView.swift */,
				D784C477D81A32320096F8E5 /* SettingsViewModel.swift */,
			);
			path = Settings;
			sourceTree = "<group>";
		};
		27DA70C074B21B4ED49C8513 /* AI */ = {
			isa = PBXGroup;
			children = (
				2963442B331DE781EFC87032 /* AIConsentRepo.swift */,
				9D606371AFA3FC76D94ADF52 /* AIRepo.swift */,
				3852A5AEEFD4FCA9D3F2B7F2 /* AIViews.swift */,
			);
			path = AI;
			sourceTree = "<group>";
		};
		386C6A851BE4DE7032D22705 /* Profile */ = {
			isa = PBXGroup;
			children = (
				7158BB6F848B29745BE10476 /* ProfileContentRepo.swift */,
				7BB9D35810751BEE413C976C /* ProfileRepo.swift */,
				40F47345971A205011F4ACF8 /* ProfileSections.swift */,
				93322701149F177A0AEF9F25 /* ProfileView.swift */,
				41C1C55E29D9A12048BE7F59 /* ProfileViewModel.swift */,
			);
			path = Profile;
			sourceTree = "<group>";
		};
		3F86EB447F09E79F619D968A /* Resources */ = {
			isa = PBXGroup;
			children = (
				0E6159A864B4EAEF43187E9D /* Assets.xcassets */,
				BE62D674D9DAFE9F84660E60 /* Firebase */,
			);
			path = Resources;
			sourceTree = "<group>";
		};
		4E44F3687FDF9954256CCB41 /* Auth */ = {
			isa = PBXGroup;
			children = (
				812FD57B9F98A85E1A7FC557 /* AgeAssurance.swift */,
				D7AA26EB3BB6396DF90851D0 /* AuthGateView.swift */,
				56BEAB7DDD89690EA42F3C05 /* AuthRepo.swift */,
				AB514F677093B210934C295E /* AuthViewModel.swift */,
				6FA5855A011D4903141887BA /* UserProfileBootstrapRepo.swift */,
			);
			path = Auth;
			sourceTree = "<group>";
		};
		5370FC67521FE59315E17905 /* Moderation */ = {
			isa = PBXGroup;
			children = (
				00FE6D79AE71081B170ECC42 /* ModerationRepo.swift */,
				EFB346CF048C6F5164438B10 /* ModerationViews.swift */,
			);
			path = Moderation;
			sourceTree = "<group>";
		};
		542660F7CF2B2D3CE73C677E = {
			isa = PBXGroup;
			children = (
				EF19899C63DF5830A8EBDCB3 /* Config */,
				3F86EB447F09E79F619D968A /* Resources */,
				7E35AC2003C6EC59284F4C89 /* Sources */,
				0B0A07BF9FADF5E9621A1154 /* Tests */,
				F8A20CA52596A1539B16E3C8 /* Products */,
			);
			sourceTree = "<group>";
		};
		5CE8747AEA03DAB2E013E7A8 /* App */ = {
			isa = PBXGroup;
			children = (
				8D5F3DAD2CE5B6479618FA78 /* AppEnvironment.swift */,
				F5CF089CAB1B656C12ADFE0B /* AppLog.swift */,
				549812F17882081A5B8BFFA5 /* AppRepos.swift */,
				3D6750387611187EEAC30DA0 /* DemoData.swift */,
				A7DBCD854E8F38BD2330EC30 /* FirebaseBootstrap.swift */,
				24982B1AEE8BAAF3D06E0174 /* MainTabView.swift */,
				8DDBE573FBD42A4C85601D7B /* RootView.swift */,
				6975F29455C320517E339868 /* VinctusNativeApp.swift */,
			);
			path = App;
			sourceTree = "<group>";
		};
		6F5FC76926A8383D6C09F6F5 /* Discover */ = {
			isa = PBXGroup;
			children = (
				DEDC06F7AB07D1A9C402E63D /* DiscoverRepo.swift */,
				3E5E3AEA2C985B8F07A4139A /* DiscoverView.swift */,
				B93B951A2821B579CB44C62A /* DiscoverViewModel.swift */,
			);
			path = Discover;
			sourceTree = "<group>";
		};
		7E35AC2003C6EC59284F4C89 /* Sources */ = {
			isa = PBXGroup;
			children = (
				27DA70C074B21B4ED49C8513 /* AI */,
				5CE8747AEA03DAB2E013E7A8 /* App */,
				4E44F3687FDF9954256CCB41 /* Auth */,
				ED106FA3363EFE4F09480D2D /* Chat */,
				6F5FC76926A8383D6C09F6F5 /* Discover */,
				EEDC1AC66C6DACB9BAD9E9CC /* Feed */,
				A871CD08EFD4CF8E34208884 /* Groups */,
				5370FC67521FE59315E17905 /* Moderation */,
				386C6A851BE4DE7032D22705 /* Profile */,
				0DB66482E25504FCC31927BB /* Settings */,
				AE4DC11FA5C7067B6A316F82 /* Shared */,
			);
			path = Sources;
			sourceTree = "<group>";
		};
		A871CD08EFD4CF8E34208884 /* Groups */ = {
			isa = PBXGroup;
			children = (
				F4AF3E78776E008DCBCCE603 /* GroupsRepo.swift */,
				956DEE8A59A8461A5CBE7352 /* GroupView.swift */,
				1D3883A3D5EE4D1D56210E1E /* GroupViewModel.swift */,
			);
			path = Groups;
			sourceTree = "<group>";
		};
		AE4DC11FA5C7067B6A316F82 /* Shared */ = {
			isa = PBXGroup;
			children = (
				2CE7BCB9C0EC61E996BBAAA9 /* ConnectivityMonitor.swift */,
				DCB596E78CD05ADBCC70A1A1 /* DesignSystem.swift */,
				351BF9B2FD2261C625C4EAB9 /* FirestoreValue.swift */,
				B85DBA4268882F47AC4FE113 /* LegalConfig.swift */,
			);
			path = Shared;
			sourceTree = "<group>";
		};
		ED106FA3363EFE4F09480D2D /* Chat */ = {
			isa = PBXGroup;
			children = (
				1A3C8624F89A758A2F43F7F4 /* ChatRepo.swift */,
				0D46FC6F77E1DEA40E8E3FC1 /* ChatViews.swift */,
			);
			path = Chat;
			sourceTree = "<group>";
		};
		EEDC1AC66C6DACB9BAD9E9CC /* Feed */ = {
			isa = PBXGroup;
			children = (
				6F567663546FCDF88E0E2A0B /* CreatePostRepo.swift */,
				969DCF5079D202F9A0045B69 /* CreatePostView.swift */,
				619BA2769710F464678212B9 /* CreatePostViewModel.swift */,
				45F00DFDCD36453B89C03AAB /* EngagementRepo.swift */,
				38A1079016261021F698B1A1 /* EngagementViews.swift */,
				F5C3A78870ED44EC7D6DC521 /* FeedRepo.swift */,
				0E1F0F7D204B17EB27F6FFE7 /* FeedView.swift */,
				F2625341F82CE8AF3D4933DE /* FeedViewModel.swift */,
				845993418ADBC6A5831CA265 /* PostCommentsRepo.swift */,
				1BC3C2302F1C7F09C103E59A /* PostDetailView.swift */,
				A24E4BFA109CFF45F2A56BB0 /* PostDetailViewModel.swift */,
			);
			path = Feed;
			sourceTree = "<group>";
		};
		EF19899C63DF5830A8EBDCB3 /* Config */ = {
			isa = PBXGroup;
			children = (
				07714AE151DA08BF000A14ED /* Dev.xcconfig */,
				60DB300F1649A8258629249E /* Prod.xcconfig */,
				C746389AA28E20A7435ECC38 /* Staging.xcconfig */,
			);
			path = Config;
			sourceTree = "<group>";
		};
		F8A20CA52596A1539B16E3C8 /* Products */ = {
			isa = PBXGroup;
			children = (
				95C5F3F30FF9C59DE0399CB7 /* VinctusNative.app */,
				0B22A4DAC5EE2AAB608DB50D /* VinctusNativeTests.xctest */,
			);
			name = Products;
			sourceTree = "<group>";
		};
/* End PBXGroup section */

/* Begin PBXNativeTarget section */
		A7F1811097CE929423E42689 /* VinctusNative */ = {
			isa = PBXNativeTarget;
			buildConfigurationList = FB9C8A56AD53FC42DB8412CF /* Build configuration list for PBXNativeTarget "VinctusNative" */;
			buildPhases = (
				AEBC7287CC21701C90B3EA52 /* Sources */,
				9B1BCF68DD0A7C8D37B0B6DF /* Resources */,
				34D941AF8820AE5CFB1D01D3 /* Frameworks */,
			);
			buildRules = (
			);
			dependencies = (
			);
			name = VinctusNative;
			packageProductDependencies = (
				1DFC0389A2A3A8827925595D /* FirebaseAuth */,
				64134F618816ABD24D123A39 /* FirebaseFirestore */,
				044E1F95CB1FA517D5923FCC /* FirebaseFunctions */,
				215BFDEA7DFD70B3F014FF94 /* FirebaseStorage */,
				94BC5A68B5818E1E2DCBF558 /* GoogleSignIn */,
			);
			productName = VinctusNative;
			productReference = 95C5F3F30FF9C59DE0399CB7 /* VinctusNative.app */;
			productType = "com.apple.product-type.application";
		};
		BDF718743C4D295766AE4918 /* VinctusNativeTests */ = {
			isa = PBXNativeTarget;
			buildConfigurationList = 09D1BAAE3D9D4A0F995F5AA9 /* Build configuration list for PBXNativeTarget "VinctusNativeTests" */;
			buildPhases = (
				9DD42B1999B45636FC0E467F /* Sources */,
			);
			buildRules = (
			);
			dependencies = (
				9C440DDB195F20022449D13D /* PBXTargetDependency */,
			);
			name = VinctusNativeTests;
			packageProductDependencies = (
			);
			productName = VinctusNativeTests;
			productReference = 0B22A4DAC5EE2AAB608DB50D /* VinctusNativeTests.xctest */;
			productType = "com.apple.product-type.bundle.unit-test";
		};
/* End PBXNativeTarget section */

/* Begin PBXProject section */
		C69454A017B116083EB8D97D /* Project object */ = {
			isa = PBXProject;
			attributes = {
				BuildIndependentTargetsInParallel = YES;
				LastUpgradeCheck = 1430;
				TargetAttributes = {
				};
			};
			buildConfigurationList = 1588BA2ACA136E9415FE1B71 /* Build configuration list for PBXProject "VinctusNative" */;
			developmentRegion = en;
			hasScannedForEncodings = 0;
			knownRegions = (
				Base,
				en,
			);
			mainGroup = 542660F7CF2B2D3CE73C677E;
			minimizedProjectReferenceProxies = 1;
			packageReferences = (
				A75E6CC52208AE511D979338 /* XCRemoteSwiftPackageReference "firebase-ios-sdk" */,
				8FE22ECD341DE620C1578912 /* XCRemoteSwiftPackageReference "GoogleSignIn-iOS" */,
			);
			preferredProjectObjectVersion = 77;
			productRefGroup = F8A20CA52596A1539B16E3C8 /* Products */;
			projectDirPath = "";
			projectRoot = "";
			targets = (
				A7F1811097CE929423E42689 /* VinctusNative */,
				BDF718743C4D295766AE4918 /* VinctusNativeTests */,
			);
		};
/* End PBXProject section */

/* Begin PBXResourcesBuildPhase section */
		9B1BCF68DD0A7C8D37B0B6DF /* Resources */ = {
			isa = PBXResourcesBuildPhase;
			buildActionMask = 2147483647;
			files = (
				258B93107D59AE1D2710F3C7 /* Assets.xcassets in Resources */,
				E6AF61E51BD52E4B36A534D7 /* Firebase in Resources */,
			);
			runOnlyForDeploymentPostprocessing = 0;
		};
/* End PBXResourcesBuildPhase section */

/* Begin PBXSourcesBuildPhase section */
		9DD42B1999B45636FC0E467F /* Sources */ = {
			isa = PBXSourcesBuildPhase;
			buildActionMask = 2147483647;
			files = (
				1FD745B241CC985DA29E71E4 /* VinctusNativeTests.swift in Sources */,
			);
			runOnlyForDeploymentPostprocessing = 0;
		};
		AEBC7287CC21701C90B3EA52 /* Sources */ = {
			isa = PBXSourcesBuildPhase;
			buildActionMask = 2147483647;
			files = (
				E4BFB9927E1A706F44F65317 /* AIConsentRepo.swift in Sources */,
				F39B625ACE880D4A5AAD5002 /* AIRepo.swift in Sources */,
				86DC8D1277CC1D448D9A899F /* AIViews.swift in Sources */,
				E66D79B966BD740B6F7BF0E7 /* AgeAssurance.swift in Sources */,
				1F3034CAABEEC408FC5C3349 /* AppEnvironment.swift in Sources */,
				69DDA25CABB934F924FADB02 /* AppLog.swift in Sources */,
				18E69CD2D7C19C207A26333D /* AppRepos.swift in Sources */,
				993435F28D7953EACE162F37 /* AuthGateView.swift in Sources */,
				2A31DA0380732628BF5690AF /* AuthRepo.swift in Sources */,
				C13F32D9EB35156C47828E28 /* AuthViewModel.swift in Sources */,
				B5AB10F32AC6F6F8E4120AE0 /* ChatRepo.swift in Sources */,
				AE699BE6C1CD803E3A1EE6D9 /* ChatViews.swift in Sources */,
				BE285E934ED68494D02B96F7 /* ConnectivityMonitor.swift in Sources */,
				E9C48790D106501001863F3F /* CreatePostRepo.swift in Sources */,
				A82AE84E836F2FC6FA56AD3D /* CreatePostView.swift in Sources */,
				AEA35BB4946DAA8143D58DBF /* CreatePostViewModel.swift in Sources */,
				4264A26CC00C6028BDE33BAF /* DeleteAccountRepo.swift in Sources */,
				CE57A236190A00295C87F25C /* DemoData.swift in Sources */,
				CA3B5562FC3E24E6CE7C8641 /* DesignSystem.swift in Sources */,
				52AEADE0B160E870D82F9819 /* DiscoverRepo.swift in Sources */,
				DBEBD44789F4FA2FE6F57A6B /* DiscoverView.swift in Sources */,
				CF8CBF18BA51EC7CCEDFAC1C /* DiscoverViewModel.swift in Sources */,
				D791976912511A0DF15BF95D /* EngagementRepo.swift in Sources */,
				2E52E49553FC445ED1F933C9 /* EngagementViews.swift in Sources */,
				CF5C6A311CB01D8F2E91DD96 /* FeedRepo.swift in Sources */,
				DF380FAF3EFD567A009B2F52 /* FeedView.swift in Sources */,
				F4FF69E1DD8C4F249250676D /* FeedViewModel.swift in Sources */,
				ED8DCE4A9E4D0252854E06A9 /* FirebaseBootstrap.swift in Sources */,
				32AF883622775303F071DB98 /* FirestoreValue.swift in Sources */,
				C509E9852B6626529175A74D /* GroupView.swift in Sources */,
				B545C26801EFDE89FC51388D /* GroupViewModel.swift in Sources */,
				6947D15503FA798A384B2003 /* GroupsRepo.swift in Sources */,
				4226D89F89D8CF2F00A5103B /* LegalConfig.swift in Sources */,
				805BF9AF2F39E585113C48C0 /* MainTabView.swift in Sources */,
				5A40C4640057C5F9412D8458 /* ModerationRepo.swift in Sources */,
				E1DA297FE73A129627CBBB62 /* ModerationViews.swift in Sources */,
				E9FAA40962B36E7BB9729D27 /* PostCommentsRepo.swift in Sources */,
				98586795FD141F50225ED03D /* PostDetailView.swift in Sources */,
				79F9E78E4B27E25DFB090053 /* PostDetailViewModel.swift in Sources */,
				D5DA1509EBED8861F6E351CB /* ProfileContentRepo.swift in Sources */,
				7CE1F09ABE92CF9FAFE94FCC /* ProfileRepo.swift in Sources */,
				E07E8492FFDFFDC9EED632C6 /* ProfileSections.swift in Sources */,
				93641E3774095EBCD077033C /* ProfileView.swift in Sources */,
				BA9A905761323DA1D36E06AD /* ProfileViewModel.swift in Sources */,
				6E9B55544648086DFB8CABA6 /* RootView.swift in Sources */,
				53CBAB862E2B28D33FE5A32D /* SettingsView.swift in Sources */,
				5D97750F7A08F3D9D6F60169 /* SettingsViewModel.swift in Sources */,
				B9CC2B3538BDBFDD2A431A85 /* UserProfileBootstrapRepo.swift in Sources */,
				D178D81E8757DDF840736C56 /* VinctusNativeApp.swift in Sources */,
			);
			runOnlyForDeploymentPostprocessing = 0;
		};
/* End PBXSourcesBuildPhase section */

/* Begin PBXTargetDependency section */
		9C440DDB195F20022449D13D /* PBXTargetDependency */ = {
			isa = PBXTargetDependency;
			target = A7F1811097CE929423E42689 /* VinctusNative */;
			targetProxy = 156FF5CA9BE3B17FD94A110A /* PBXContainerItemProxy */;
		};
/* End PBXTargetDependency section */

/* Begin XCBuildConfiguration section */
		060EC0993BFA69948424948D /* DebugStaging */ = {
			isa = XCBuildConfiguration;
			baseConfigurationReference = C746389AA28E20A7435ECC38 /* Staging.xcconfig */;
			buildSettings = {
				ASSETCATALOG_COMPILER_APPICON_NAME = AppIcon;
				CODE_SIGN_ENTITLEMENTS = Resources/VinctusNative.entitlements;
				CODE_SIGN_IDENTITY = "iPhone Developer";
				INFOPLIST_FILE = Resources/Info.plist;
				IPHONEOS_DEPLOYMENT_TARGET = 17.0;
				LD_RUNPATH_SEARCH_PATHS = (
					"$(inherited)",
					"@executable_path/Frameworks",
				);
				PRODUCT_BUNDLE_IDENTIFIER = app.vinctus.social;
				SDKROOT = iphoneos;
				TARGETED_DEVICE_FAMILY = 1;
				VINCTUS_ENV = staging;
			};
			name = DebugStaging;
		};
		09C1BA5B65F95764878C10C6 /* ReleaseProd */ = {
			isa = XCBuildConfiguration;
			buildSettings = {
				ALWAYS_SEARCH_USER_PATHS = NO;
				CLANG_ANALYZER_NONNULL = YES;
				CLANG_ANALYZER_NUMBER_OBJECT_CONVERSION = YES_AGGRESSIVE;
				CLANG_CXX_LANGUAGE_STANDARD = "gnu++14";
				CLANG_CXX_LIBRARY = "libc++";
				CLANG_ENABLE_MODULES = YES;
				CLANG_ENABLE_OBJC_ARC = YES;
				CLANG_ENABLE_OBJC_WEAK = YES;
				CLANG_WARN_BLOCK_CAPTURE_AUTORELEASING = YES;
				CLANG_WARN_BOOL_CONVERSION = YES;
				CLANG_WARN_COMMA = YES;
				CLANG_WARN_CONSTANT_CONVERSION = YES;
				CLANG_WARN_DEPRECATED_OBJC_IMPLEMENTATIONS = YES;
				CLANG_WARN_DIRECT_OBJC_ISA_USAGE = YES_ERROR;
				CLANG_WARN_DOCUMENTATION_COMMENTS = YES;
				CLANG_WARN_EMPTY_BODY = YES;
				CLANG_WARN_ENUM_CONVERSION = YES;
				CLANG_WARN_INFINITE_RECURSION = YES;
				CLANG_WARN_INT_CONVERSION = YES;
				CLANG_WARN_NON_LITERAL_NULL_CONVERSION = YES;
				CLANG_WARN_OBJC_IMPLICIT_RETAIN_SELF = YES;
				CLANG_WARN_OBJC_LITERAL_CONVERSION = YES;
				CLANG_WARN_OBJC_ROOT_CLASS = YES_ERROR;
				CLANG_WARN_QUOTED_INCLUDE_IN_FRAMEWORK_HEADER = YES;
				CLANG_WARN_RANGE_LOOP_ANALYSIS = YES;
				CLANG_WARN_STRICT_PROTOTYPES = YES;
				CLANG_WARN_SUSPICIOUS_MOVE = YES;
				CLANG_WARN_UNGUARDED_AVAILABILITY = YES_AGGRESSIVE;
				CLANG_WARN_UNREACHABLE_CODE = YES;
				CLANG_WARN__DUPLICATE_METHOD_MATCH = YES;
				COPY_PHASE_STRIP = NO;
				CURRENT_PROJECT_VERSION = 1;
				DEBUG_INFORMATION_FORMAT = "dwarf-with-dsym";
				ENABLE_NS_ASSERTIONS = NO;
				ENABLE_STRICT_OBJC_MSGSEND = YES;
				GCC_C_LANGUAGE_STANDARD = gnu11;
				GCC_NO_COMMON_BLOCKS = YES;
				GCC_WARN_64_TO_32_BIT_CONVERSION = YES;
				GCC_WARN_ABOUT_RETURN_TYPE = YES_ERROR;
				GCC_WARN_UNDECLARED_SELECTOR = YES;
				GCC_WARN_UNINITIALIZED_AUTOS = YES_AGGRESSIVE;
				GCC_WARN_UNUSED_FUNCTION = YES;
				GCC_WARN_UNUSED_VARIABLE = YES;
				IPHONEOS_DEPLOYMENT_TARGET = 17.0;
				MARKETING_VERSION = 1.0.0;
				MTL_ENABLE_DEBUG_INFO = NO;
				MTL_FAST_MATH = YES;
				PRODUCT_NAME = "$(TARGET_NAME)";
				SDKROOT = iphoneos;
				SWIFT_COMPILATION_MODE = wholemodule;
				SWIFT_OPTIMIZATION_LEVEL = "-O";
				SWIFT_VERSION = 5.0;
			};
			name = ReleaseProd;
		};
		10D5258ADFD1AEDF2575C9B2 /* DebugStaging */ = {
			isa = XCBuildConfiguration;
			buildSettings = {
				BUNDLE_LOADER = "$(TEST_HOST)";
				LD_RUNPATH_SEARCH_PATHS = (
					"$(inherited)",
					"@executable_path/Frameworks",
					"@loader_path/Frameworks",
				);
				SDKROOT = iphoneos;
				TARGETED_DEVICE_FAMILY = "1,2";
				TEST_HOST = "$(BUILT_PRODUCTS_DIR)/VinctusNative.app/VinctusNative";
			};
			name = DebugStaging;
		};
		2EE2713D8D25E8E6460134E5 /* DebugDev */ = {
			isa = XCBuildConfiguration;
			buildSettings = {
				ALWAYS_SEARCH_USER_PATHS = NO;
				CLANG_ANALYZER_NONNULL = YES;
				CLANG_ANALYZER_NUMBER_OBJECT_CONVERSION = YES_AGGRESSIVE;
				CLANG_CXX_LANGUAGE_STANDARD = "gnu++14";
				CLANG_CXX_LIBRARY = "libc++";
				CLANG_ENABLE_MODULES = YES;
				CLANG_ENABLE_OBJC_ARC = YES;
				CLANG_ENABLE_OBJC_WEAK = YES;
				CLANG_WARN_BLOCK_CAPTURE_AUTORELEASING = YES;
				CLANG_WARN_BOOL_CONVERSION = YES;
				CLANG_WARN_COMMA = YES;
				CLANG_WARN_CONSTANT_CONVERSION = YES;
				CLANG_WARN_DEPRECATED_OBJC_IMPLEMENTATIONS = YES;
				CLANG_WARN_DIRECT_OBJC_ISA_USAGE = YES_ERROR;
				CLANG_WARN_DOCUMENTATION_COMMENTS = YES;
				CLANG_WARN_EMPTY_BODY = YES;
				CLANG_WARN_ENUM_CONVERSION = YES;
				CLANG_WARN_INFINITE_RECURSION = YES;
				CLANG_WARN_INT_CONVERSION = YES;
				CLANG_WARN_NON_LITERAL_NULL_CONVERSION = YES;
				CLANG_WARN_OBJC_IMPLICIT_RETAIN_SELF = YES;
				CLANG_WARN_OBJC_LITERAL_CONVERSION = YES;
				CLANG_WARN_OBJC_ROOT_CLASS = YES_ERROR;
				CLANG_WARN_QUOTED_INCLUDE_IN_FRAMEWORK_HEADER = YES;
				CLANG_WARN_RANGE_LOOP_ANALYSIS = YES;
				CLANG_WARN_STRICT_PROTOTYPES = YES;
				CLANG_WARN_SUSPICIOUS_MOVE = YES;
				CLANG_WARN_UNGUARDED_AVAILABILITY = YES_AGGRESSIVE;
				CLANG_WARN_UNREACHABLE_CODE = YES;
				CLANG_WARN__DUPLICATE_METHOD_MATCH = YES;
				COPY_PHASE_STRIP = NO;
				CURRENT_PROJECT_VERSION = 1;
				DEBUG_INFORMATION_FORMAT = dwarf;
				ENABLE_STRICT_OBJC_MSGSEND = YES;
				ENABLE_TESTABILITY = YES;
				GCC_C_LANGUAGE_STANDARD = gnu11;
				GCC_DYNAMIC_NO_PIC = NO;
				GCC_NO_COMMON_BLOCKS = YES;
				GCC_OPTIMIZATION_LEVEL = 0;
				GCC_PREPROCESSOR_DEFINITIONS = (
					"$(inherited)",
					"DEBUG=1",
				);
				GCC_WARN_64_TO_32_BIT_CONVERSION = YES;
				GCC_WARN_ABOUT_RETURN_TYPE = YES_ERROR;
				GCC_WARN_UNDECLARED_SELECTOR = YES;
				GCC_WARN_UNINITIALIZED_AUTOS = YES_AGGRESSIVE;
				GCC_WARN_UNUSED_FUNCTION = YES;
				GCC_WARN_UNUSED_VARIABLE = YES;
				IPHONEOS_DEPLOYMENT_TARGET = 17.0;
				MARKETING_VERSION = 1.0.0;
				MTL_ENABLE_DEBUG_INFO = INCLUDE_SOURCE;
				MTL_FAST_MATH = YES;
				ONLY_ACTIVE_ARCH = YES;
				PRODUCT_NAME = "$(TARGET_NAME)";
				SDKROOT = iphoneos;
				SWIFT_ACTIVE_COMPILATION_CONDITIONS = DEBUG;
				SWIFT_OPTIMIZATION_LEVEL = "-Onone";
				SWIFT_VERSION = 5.0;
			};
			name = DebugDev;
		};
		6113BF7C0B6203DEBCD0EB62 /* ReleaseProd */ = {
			isa = XCBuildConfiguration;
			baseConfigurationReference = 60DB300F1649A8258629249E /* Prod.xcconfig */;
			buildSettings = {
				ASSETCATALOG_COMPILER_APPICON_NAME = AppIcon;
				CODE_SIGN_ENTITLEMENTS = Resources/VinctusNative.entitlements;
				CODE_SIGN_IDENTITY = "iPhone Developer";
				INFOPLIST_FILE = Resources/Info.plist;
				IPHONEOS_DEPLOYMENT_TARGET = 17.0;
				LD_RUNPATH_SEARCH_PATHS = (
					"$(inherited)",
					"@executable_path/Frameworks",
				);
				PRODUCT_BUNDLE_IDENTIFIER = app.vinctus.social;
				SDKROOT = iphoneos;
				TARGETED_DEVICE_FAMILY = 1;
				VINCTUS_ENV = prod;
			};
			name = ReleaseProd;
		};
		654D449FFDFD2E9B70C1704B /* ReleaseProd */ = {
			isa = XCBuildConfiguration;
			buildSettings = {
				BUNDLE_LOADER = "$(TEST_HOST)";
				LD_RUNPATH_SEARCH_PATHS = (
					"$(inherited)",
					"@executable_path/Frameworks",
					"@loader_path/Frameworks",
				);
				SDKROOT = iphoneos;
				TARGETED_DEVICE_FAMILY = "1,2";
				TEST_HOST = "$(BUILT_PRODUCTS_DIR)/VinctusNative.app/VinctusNative";
			};
			name = ReleaseProd;
		};
		999A992BF58E617C9AF35306 /* DebugDev */ = {
			isa = XCBuildConfiguration;
			buildSettings = {
				BUNDLE_LOADER = "$(TEST_HOST)";
				LD_RUNPATH_SEARCH_PATHS = (
					"$(inherited)",
					"@executable_path/Frameworks",
					"@loader_path/Frameworks",
				);
				SDKROOT = iphoneos;
				TARGETED_DEVICE_FAMILY = "1,2";
				TEST_HOST = "$(BUILT_PRODUCTS_DIR)/VinctusNative.app/VinctusNative";
			};
			name = DebugDev;
		};
		B14E61B5EF6BC2828D4B45A9 /* DebugProd */ = {
			isa = XCBuildConfiguration;
			buildSettings = {
				BUNDLE_LOADER = "$(TEST_HOST)";
				LD_RUNPATH_SEARCH_PATHS = (
					"$(inherited)",
					"@executable_path/Frameworks",
					"@loader_path/Frameworks",
				);
				SDKROOT = iphoneos;
				TARGETED_DEVICE_FAMILY = "1,2";
				TEST_HOST = "$(BUILT_PRODUCTS_DIR)/VinctusNative.app/VinctusNative";
			};
			name = DebugProd;
		};
		B41F800B5221FBEE2F0A2A10 /* DebugDev */ = {
			isa = XCBuildConfiguration;
			baseConfigurationReference = 07714AE151DA08BF000A14ED /* Dev.xcconfig */;
			buildSettings = {
				ASSETCATALOG_COMPILER_APPICON_NAME = AppIcon;
				CODE_SIGN_ENTITLEMENTS = Resources/VinctusNative.entitlements;
				CODE_SIGN_IDENTITY = "iPhone Developer";
				INFOPLIST_FILE = Resources/Info.plist;
				IPHONEOS_DEPLOYMENT_TARGET = 17.0;
				LD_RUNPATH_SEARCH_PATHS = (
					"$(inherited)",
					"@executable_path/Frameworks",
				);
				PRODUCT_BUNDLE_IDENTIFIER = app.vinctus.social;
				SDKROOT = iphoneos;
				TARGETED_DEVICE_FAMILY = 1;
				VINCTUS_ENV = dev;
			};
			name = DebugDev;
		};
		BACC66141851E04B4E2DE9CC /* DebugProd */ = {
			isa = XCBuildConfiguration;
			buildSettings = {
				ALWAYS_SEARCH_USER_PATHS = NO;
				CLANG_ANALYZER_NONNULL = YES;
				CLANG_ANALYZER_NUMBER_OBJECT_CONVERSION = YES_AGGRESSIVE;
				CLANG_CXX_LANGUAGE_STANDARD = "gnu++14";
				CLANG_CXX_LIBRARY = "libc++";
				CLANG_ENABLE_MODULES = YES;
				CLANG_ENABLE_OBJC_ARC = YES;
				CLANG_ENABLE_OBJC_WEAK = YES;
				CLANG_WARN_BLOCK_CAPTURE_AUTORELEASING = YES;
				CLANG_WARN_BOOL_CONVERSION = YES;
				CLANG_WARN_COMMA = YES;
				CLANG_WARN_CONSTANT_CONVERSION = YES;
				CLANG_WARN_DEPRECATED_OBJC_IMPLEMENTATIONS = YES;
				CLANG_WARN_DIRECT_OBJC_ISA_USAGE = YES_ERROR;
				CLANG_WARN_DOCUMENTATION_COMMENTS = YES;
				CLANG_WARN_EMPTY_BODY = YES;
				CLANG_WARN_ENUM_CONVERSION = YES;
				CLANG_WARN_INFINITE_RECURSION = YES;
				CLANG_WARN_INT_CONVERSION = YES;
				CLANG_WARN_NON_LITERAL_NULL_CONVERSION = YES;
				CLANG_WARN_OBJC_IMPLICIT_RETAIN_SELF = YES;
				CLANG_WARN_OBJC_LITERAL_CONVERSION = YES;
				CLANG_WARN_OBJC_ROOT_CLASS = YES_ERROR;
				CLANG_WARN_QUOTED_INCLUDE_IN_FRAMEWORK_HEADER = YES;
				CLANG_WARN_RANGE_LOOP_ANALYSIS = YES;
				CLANG_WARN_STRICT_PROTOTYPES = YES;
				CLANG_WARN_SUSPICIOUS_MOVE = YES;
				CLANG_WARN_UNGUARDED_AVAILABILITY = YES_AGGRESSIVE;
				CLANG_WARN_UNREACHABLE_CODE = YES;
				CLANG_WARN__DUPLICATE_METHOD_MATCH = YES;
				COPY_PHASE_STRIP = NO;
				CURRENT_PROJECT_VERSION = 1;
				DEBUG_INFORMATION_FORMAT = dwarf;
				ENABLE_STRICT_OBJC_MSGSEND = YES;
				ENABLE_TESTABILITY = YES;
				GCC_C_LANGUAGE_STANDARD = gnu11;
				GCC_DYNAMIC_NO_PIC = NO;
				GCC_NO_COMMON_BLOCKS = YES;
				GCC_OPTIMIZATION_LEVEL = 0;
				GCC_PREPROCESSOR_DEFINITIONS = (
					"$(inherited)",
					"DEBUG=1",
				);
				GCC_WARN_64_TO_32_BIT_CONVERSION = YES;
				GCC_WARN_ABOUT_RETURN_TYPE = YES_ERROR;
				GCC_WARN_UNDECLARED_SELECTOR = YES;
				GCC_WARN_UNINITIALIZED_AUTOS = YES_AGGRESSIVE;
				GCC_WARN_UNUSED_FUNCTION = YES;
				GCC_WARN_UNUSED_VARIABLE = YES;
				IPHONEOS_DEPLOYMENT_TARGET = 17.0;
				MARKETING_VERSION = 1.0.0;
				MTL_ENABLE_DEBUG_INFO = INCLUDE_SOURCE;
				MTL_FAST_MATH = YES;
				ONLY_ACTIVE_ARCH = YES;
				PRODUCT_NAME = "$(TARGET_NAME)";
				SDKROOT = iphoneos;
				SWIFT_ACTIVE_COMPILATION_CONDITIONS = DEBUG;
				SWIFT_OPTIMIZATION_LEVEL = "-Onone";
				SWIFT_VERSION = 5.0;
			};
			name = DebugProd;
		};
		D5709947F74FEDEFDD80DE3F /* DebugProd */ = {
			isa = XCBuildConfiguration;
			baseConfigurationReference = 60DB300F1649A8258629249E /* Prod.xcconfig */;
			buildSettings = {
				ASSETCATALOG_COMPILER_APPICON_NAME = AppIcon;
				CODE_SIGN_ENTITLEMENTS = Resources/VinctusNative.entitlements;
				CODE_SIGN_IDENTITY = "iPhone Developer";
				INFOPLIST_FILE = Resources/Info.plist;
				IPHONEOS_DEPLOYMENT_TARGET = 17.0;
				LD_RUNPATH_SEARCH_PATHS = (
					"$(inherited)",
					"@executable_path/Frameworks",
				);
				PRODUCT_BUNDLE_IDENTIFIER = app.vinctus.social;
				SDKROOT = iphoneos;
				TARGETED_DEVICE_FAMILY = 1;
				VINCTUS_ENV = prod;
			};
			name = DebugProd;
		};
		EABC0E48E2D4D4C384072ACE /* DebugStaging */ = {
			isa = XCBuildConfiguration;
			buildSettings = {
				ALWAYS_SEARCH_USER_PATHS = NO;
				CLANG_ANALYZER_NONNULL = YES;
				CLANG_ANALYZER_NUMBER_OBJECT_CONVERSION = YES_AGGRESSIVE;
				CLANG_CXX_LANGUAGE_STANDARD = "gnu++14";
				CLANG_CXX_LIBRARY = "libc++";
				CLANG_ENABLE_MODULES = YES;
				CLANG_ENABLE_OBJC_ARC = YES;
				CLANG_ENABLE_OBJC_WEAK = YES;
				CLANG_WARN_BLOCK_CAPTURE_AUTORELEASING = YES;
				CLANG_WARN_BOOL_CONVERSION = YES;
				CLANG_WARN_COMMA = YES;
				CLANG_WARN_CONSTANT_CONVERSION = YES;
				CLANG_WARN_DEPRECATED_OBJC_IMPLEMENTATIONS = YES;
				CLANG_WARN_DIRECT_OBJC_ISA_USAGE = YES_ERROR;
				CLANG_WARN_DOCUMENTATION_COMMENTS = YES;
				CLANG_WARN_EMPTY_BODY = YES;
				CLANG_WARN_ENUM_CONVERSION = YES;
				CLANG_WARN_INFINITE_RECURSION = YES;
				CLANG_WARN_INT_CONVERSION = YES;
				CLANG_WARN_NON_LITERAL_NULL_CONVERSION = YES;
				CLANG_WARN_OBJC_IMPLICIT_RETAIN_SELF = YES;
				CLANG_WARN_OBJC_LITERAL_CONVERSION = YES;
				CLANG_WARN_OBJC_ROOT_CLASS = YES_ERROR;
				CLANG_WARN_QUOTED_INCLUDE_IN_FRAMEWORK_HEADER = YES;
				CLANG_WARN_RANGE_LOOP_ANALYSIS = YES;
				CLANG_WARN_STRICT_PROTOTYPES = YES;
				CLANG_WARN_SUSPICIOUS_MOVE = YES;
				CLANG_WARN_UNGUARDED_AVAILABILITY = YES_AGGRESSIVE;
				CLANG_WARN_UNREACHABLE_CODE = YES;
				CLANG_WARN__DUPLICATE_METHOD_MATCH = YES;
				COPY_PHASE_STRIP = NO;
				CURRENT_PROJECT_VERSION = 1;
				DEBUG_INFORMATION_FORMAT = dwarf;
				ENABLE_STRICT_OBJC_MSGSEND = YES;
				ENABLE_TESTABILITY = YES;
				GCC_C_LANGUAGE_STANDARD = gnu11;
				GCC_DYNAMIC_NO_PIC = NO;
				GCC_NO_COMMON_BLOCKS = YES;
				GCC_OPTIMIZATION_LEVEL = 0;
				GCC_PREPROCESSOR_DEFINITIONS = (
					"$(inherited)",
					"DEBUG=1",
				);
				GCC_WARN_64_TO_32_BIT_CONVERSION = YES;
				GCC_WARN_ABOUT_RETURN_TYPE = YES_ERROR;
				GCC_WARN_UNDECLARED_SELECTOR = YES;
				GCC_WARN_UNINITIALIZED_AUTOS = YES_AGGRESSIVE;
				GCC_WARN_UNUSED_FUNCTION = YES;
				GCC_WARN_UNUSED_VARIABLE = YES;
				IPHONEOS_DEPLOYMENT_TARGET = 17.0;
				MARKETING_VERSION = 1.0.0;
				MTL_ENABLE_DEBUG_INFO = INCLUDE_SOURCE;
				MTL_FAST_MATH = YES;
				ONLY_ACTIVE_ARCH = YES;
				PRODUCT_NAME = "$(TARGET_NAME)";
				SDKROOT = iphoneos;
				SWIFT_ACTIVE_COMPILATION_CONDITIONS = DEBUG;
				SWIFT_OPTIMIZATION_LEVEL = "-Onone";
				SWIFT_VERSION = 5.0;
			};
			name = DebugStaging;
		};
/* End XCBuildConfiguration section */

/* Begin XCConfigurationList section */
		09D1BAAE3D9D4A0F995F5AA9 /* Build configuration list for PBXNativeTarget "VinctusNativeTests" */ = {
			isa = XCConfigurationList;
			buildConfigurations = (
				999A992BF58E617C9AF35306 /* DebugDev */,
				B14E61B5EF6BC2828D4B45A9 /* DebugProd */,
				10D5258ADFD1AEDF2575C9B2 /* DebugStaging */,
				654D449FFDFD2E9B70C1704B /* ReleaseProd */,
			);
			defaultConfigurationIsVisible = 0;
			defaultConfigurationName = DebugDev;
		};
		1588BA2ACA136E9415FE1B71 /* Build configuration list for PBXProject "VinctusNative" */ = {
			isa = XCConfigurationList;
			buildConfigurations = (
				2EE2713D8D25E8E6460134E5 /* DebugDev */,
				BACC66141851E04B4E2DE9CC /* DebugProd */,
				EABC0E48E2D4D4C384072ACE /* DebugStaging */,
				09C1BA5B65F95764878C10C6 /* ReleaseProd */,
			);
			defaultConfigurationIsVisible = 0;
			defaultConfigurationName = DebugDev;
		};
		FB9C8A56AD53FC42DB8412CF /* Build configuration list for PBXNativeTarget "VinctusNative" */ = {
			isa = XCConfigurationList;
			buildConfigurations = (
				B41F800B5221FBEE2F0A2A10 /* DebugDev */,
				D5709947F74FEDEFDD80DE3F /* DebugProd */,
				060EC0993BFA69948424948D /* DebugStaging */,
				6113BF7C0B6203DEBCD0EB62 /* ReleaseProd */,
			);
			defaultConfigurationIsVisible = 0;
			defaultConfigurationName = DebugDev;
		};
/* End XCConfigurationList section */

/* Begin XCRemoteSwiftPackageReference section */
		8FE22ECD341DE620C1578912 /* XCRemoteSwiftPackageReference "GoogleSignIn-iOS" */ = {
			isa = XCRemoteSwiftPackageReference;
			repositoryURL = "https://github.com/google/GoogleSignIn-iOS";
			requirement = {
				kind = upToNextMajorVersion;
				minimumVersion = 9.0.0;
			};
		};
		A75E6CC52208AE511D979338 /* XCRemoteSwiftPackageReference "firebase-ios-sdk" */ = {
			isa = XCRemoteSwiftPackageReference;
			repositoryURL = "https://github.com/firebase/firebase-ios-sdk.git";
			requirement = {
				kind = upToNextMajorVersion;
				minimumVersion = 11.0.0;
			};
		};
/* End XCRemoteSwiftPackageReference section */

/* Begin XCSwiftPackageProductDependency section */
		044E1F95CB1FA517D5923FCC /* FirebaseFunctions */ = {
			isa = XCSwiftPackageProductDependency;
			package = A75E6CC52208AE511D979338 /* XCRemoteSwiftPackageReference "firebase-ios-sdk" */;
			productName = FirebaseFunctions;
		};
		1DFC0389A2A3A8827925595D /* FirebaseAuth */ = {
			isa = XCSwiftPackageProductDependency;
			package = A75E6CC52208AE511D979338 /* XCRemoteSwiftPackageReference "firebase-ios-sdk" */;
			productName = FirebaseAuth;
		};
		215BFDEA7DFD70B3F014FF94 /* FirebaseStorage */ = {
			isa = XCSwiftPackageProductDependency;
			package = A75E6CC52208AE511D979338 /* XCRemoteSwiftPackageReference "firebase-ios-sdk" */;
			productName = FirebaseStorage;
		};
		64134F618816ABD24D123A39 /* FirebaseFirestore */ = {
			isa = XCSwiftPackageProductDependency;
			package = A75E6CC52208AE511D979338 /* XCRemoteSwiftPackageReference "firebase-ios-sdk" */;
			productName = FirebaseFirestore;
		};
		94BC5A68B5818E1E2DCBF558 /* GoogleSignIn */ = {
			isa = XCSwiftPackageProductDependency;
			package = 8FE22ECD341DE620C1578912 /* XCRemoteSwiftPackageReference "GoogleSignIn-iOS" */;
			productName = GoogleSignIn;
		};
/* End XCSwiftPackageProductDependency section */
	};
	rootObject = C69454A017B116083EB8D97D /* Project object */;
}
