// !$*UTF8*$!
{
	archiveVersion = 1;
	classes = {
	};
	objectVersion = 77;
	objects = {

/* Begin PBXBuildFile section */
		02C79156D6F084D5522505A6 /* CreatePostDraftComposer.swift in Sources */ = {isa = PBXBuildFile; fileRef = F99A7BD04CE0CB60FF2C4742 /* CreatePostDraftComposer.swift */; };
		0A6BF21115D1FD9A0F7394E5 /* AuthGateView.swift in Sources */ = {isa = PBXBuildFile; fileRef = 574D2F39CAD98E11AC2D59A7 /* AuthGateView.swift */; };
		0E13B03E5B7C1D53076F4006 /* FeedSkeletonComponents.swift in Sources */ = {isa = PBXBuildFile; fileRef = A4C64AD5251445A335560509 /* FeedSkeletonComponents.swift */; };
		12608B91CEEEB0D2519D5F3E /* ChatRepo.swift in Sources */ = {isa = PBXBuildFile; fileRef = F89F4245ACAEB8E5F66A4F5F /* ChatRepo.swift */; };
		13BB0B5E2B40204CBF701265 /* CreatePostRepo.swift in Sources */ = {isa = PBXBuildFile; fileRef = A96718B206180A569152101D /* CreatePostRepo.swift */; };
		19B58D79E072E0923405FAD8 /* DiscoverTrendComponents.swift in Sources */ = {isa = PBXBuildFile; fileRef = 6F976F7E3D7D27F9DBAEBD93 /* DiscoverTrendComponents.swift */; };
		1FD745B241CC985DA29E71E4 /* VinctusNativeTests.swift in Sources */ = {isa = PBXBuildFile; fileRef = 32FBE102A72FA92BC6E78DE8 /* VinctusNativeTests.swift */; };
		27E610F4B1C8D023C9DC779C /* ProfileView.swift in Sources */ = {isa = PBXBuildFile; fileRef = E087656F091047C96F880289 /* ProfileView.swift */; };
		2A55CAE18FA85534D727010C /* FeedDirectModels.swift in Sources */ = {isa = PBXBuildFile; fileRef = 72FAB658A35B51B9114A8659 /* FeedDirectModels.swift */; };
		2F591B260604C98345ACEB59 /* SettingsView.swift in Sources */ = {isa = PBXBuildFile; fileRef = 374CF0100ADDC53BBD740943 /* SettingsView.swift */; };
		2F5B8D6025980E589BBBBD6B /* ProfileCollectionsComponents.swift in Sources */ = {isa = PBXBuildFile; fileRef = 62F862BB1948125D6D0B715B /* ProfileCollectionsComponents.swift */; };
		31E8267A24F3110D1ACE6142 /* FeedContentComposer.swift in Sources */ = {isa = PBXBuildFile; fileRef = 7346067B77E9B3A131908589 /* FeedContentComposer.swift */; };
		32B03756B6CBC88E208A49FB /* ConnectionsCards.swift in Sources */ = {isa = PBXBuildFile; fileRef = 425E9BCCB4A05C841B5F3147 /* ConnectionsCards.swift */; };
		353398BB13233EC188D8335C /* ProfileViewModel.swift in Sources */ = {isa = PBXBuildFile; fileRef = 3BFABBD882C9A3428F34D683 /* ProfileViewModel.swift */; };
		39E48C160A5F07DB2801E7E3 /* ProfileHeaderComponents.swift in Sources */ = {isa = PBXBuildFile; fileRef = 2FAC65D2F3EF03502FD15BEF /* ProfileHeaderComponents.swift */; };
		3A1A28E81E7EE46025983996 /* MainTabView.swift in Sources */ = {isa = PBXBuildFile; fileRef = 4E7BB625BC492CB4E6F1B2A8 /* MainTabView.swift */; };
		434484BC8124E817423E19DC /* FeedDialogsComponents.swift in Sources */ = {isa = PBXBuildFile; fileRef = E4DD34D4E4338FB698D832AF /* FeedDialogsComponents.swift */; };
		482C12CBC7C863EC3CF88A76 /* LegalConfig.swift in Sources */ = {isa = PBXBuildFile; fileRef = DB9A8D2ACE9348641A2880E2 /* LegalConfig.swift */; };
		4AD06207E879A339912E7836 /* DesignSystem.swift in Sources */ = {isa = PBXBuildFile; fileRef = 55C117AF22B969DD375A302E /* DesignSystem.swift */; };
		4C343D0633456780F8F7F8F2 /* FeedDirectViews.swift in Sources */ = {isa = PBXBuildFile; fileRef = 732EBA9509FE3C698A7E41D0 /* FeedDirectViews.swift */; };
		5112777F595730C6B24455F9 /* GoogleSignIn in Frameworks */ = {isa = PBXBuildFile; productRef = 94BC5A68B5818E1E2DCBF558 /* GoogleSignIn */; };
		53C423A5B81234127B8133D5 /* DeleteAccountRepo.swift in Sources */ = {isa = PBXBuildFile; fileRef = 440FC38BC63381620B189F7D /* DeleteAccountRepo.swift */; };
		57B20F83BE7C6C0B2CB38208 /* VAvatarView.swift in Sources */ = {isa = PBXBuildFile; fileRef = 976AF15993AC831E3E59FFF0 /* VAvatarView.swift */; };
		58F9CC192B32D1B8A7FAE918 /* CreatePostView.swift in Sources */ = {isa = PBXBuildFile; fileRef = 2AD7CADE2BF4C59CBC8C83E7 /* CreatePostView.swift */; };
		59955058378BF78B7BCCFF0B /* SettingsViewModel.swift in Sources */ = {isa = PBXBuildFile; fileRef = 851B0014BB5B5DF35C2D2401 /* SettingsViewModel.swift */; };
		5D6341707B143DFB5A81EA2F /* VinctusNativeApp.swift in Sources */ = {isa = PBXBuildFile; fileRef = 27CD0128DC9A5B55BB9BECB3 /* VinctusNativeApp.swift */; };
		5E126D87270CF5AE3F3447EA /* GroupViewModel.swift in Sources */ = {isa = PBXBuildFile; fileRef = C72978E168C7698EE2E6A17A /* GroupViewModel.swift */; };
		68EAE586C64815800936ECBA /* FeedView.swift in Sources */ = {isa = PBXBuildFile; fileRef = CFEE85DEC005096E3664F167 /* FeedView.swift */; };
		6908A4133AA55C77EC0485B4 /* CreatePostMediaRules.swift in Sources */ = {isa = PBXBuildFile; fileRef = 94869D74D567FD22DDECA573 /* CreatePostMediaRules.swift */; };
		6CD0E47E6BB62592E1F2AF06 /* DiscoverContentComposer.swift in Sources */ = {isa = PBXBuildFile; fileRef = 6081CAFEEE2C653E4EFC254B /* DiscoverContentComposer.swift */; };
		6D61BE4574F4FFD9269A559E /* PostDetailViewModel.swift in Sources */ = {isa = PBXBuildFile; fileRef = BBAB521B5ED7377D52171B7A /* PostDetailViewModel.swift */; };
		7420FD3EFA0562CE3C575DA1 /* FeedViewModel.swift in Sources */ = {isa = PBXBuildFile; fileRef = FC1AFF500AD052635454B896 /* FeedViewModel.swift */; };
		784110CF5F85F66F636C1955 /* FirebaseFirestore in Frameworks */ = {isa = PBXBuildFile; productRef = 64134F618816ABD24D123A39 /* FirebaseFirestore */; };
		7A7D5768D4173783C8FC86DB /* DiscoverDebateComponents.swift in Sources */ = {isa = PBXBuildFile; fileRef = 74791BC745852DDAFE4D10A8 /* DiscoverDebateComponents.swift */; };
		8269DEFBB135CA92EE91F438 /* GroupsLoader.swift in Sources */ = {isa = PBXBuildFile; fileRef = 6BC3E3BDBAE6994FA3E13A00 /* GroupsLoader.swift */; };
		82B081F5359347928EFE40CF /* CreatePostViewModel.swift in Sources */ = {isa = PBXBuildFile; fileRef = 60A65E935B05871676BADE50 /* CreatePostViewModel.swift */; };
		84518D8E289DC0EBE26A5AE1 /* GroupsListView.swift in Sources */ = {isa = PBXBuildFile; fileRef = EFE7F6EC84E895D4E1F4A227 /* GroupsListView.swift */; };
		89A438C5EF9433703AA4EE1E /* FeedDirectThreadViewModel.swift in Sources */ = {isa = PBXBuildFile; fileRef = 82648C329B172C8C2FC2BBF8 /* FeedDirectThreadViewModel.swift */; };
		8B6866CAA1E90D5082888B37 /* GroupsRepo.swift in Sources */ = {isa = PBXBuildFile; fileRef = EBB967D7E35EF2361679D1D4 /* GroupsRepo.swift */; };
		8D72D7F5B1DC862DFB68CF1F /* AuthViewModel.swift in Sources */ = {isa = PBXBuildFile; fileRef = D252CA6916A42A288461E85B /* AuthViewModel.swift */; };
		8E7C3E755A7361E70B33115E /* ProfileRepo.swift in Sources */ = {isa = PBXBuildFile; fileRef = F906A6F5C3977C1C36B76860 /* ProfileRepo.swift */; };
		8F3A1798B1514A1823CD229F /* FirestoreHelpers.swift in Sources */ = {isa = PBXBuildFile; fileRef = 7AE6C7816AD5F7E8E7AFF848 /* FirestoreHelpers.swift */; };
		99EFF878DC967930AB076AFD /* VGroupIconView.swift in Sources */ = {isa = PBXBuildFile; fileRef = 03376D1C78AAF10DADC04E3B /* VGroupIconView.swift */; };
		9A3AA026F324E07AB479E94F /* RootView.swift in Sources */ = {isa = PBXBuildFile; fileRef = DEEA46CEA0831099A17F7275 /* RootView.swift */; };
		9E047AA45A3D97BA91443782 /* PostDetailView.swift in Sources */ = {isa = PBXBuildFile; fileRef = 2C8E74A4E6627F8522294859 /* PostDetailView.swift */; };
		A4DAD6D8E14D2458182E53FE /* DiscoverRepo.swift in Sources */ = {isa = PBXBuildFile; fileRef = 09169E6BBE3CAD85BDFD4A66 /* DiscoverRepo.swift */; };
		A74ED302FA7F96FF21360E67 /* ChatDomain.swift in Sources */ = {isa = PBXBuildFile; fileRef = 7384654F171781B8599ED77A /* ChatDomain.swift */; };
		AAA82ED739E25ABB8C4BB215 /* FirebaseAuth in Frameworks */ = {isa = PBXBuildFile; productRef = 1DFC0389A2A3A8827925595D /* FirebaseAuth */; };
		AAC518EDB28AAF5166D5A62B /* ProfileMyProfileComponents.swift in Sources */ = {isa = PBXBuildFile; fileRef = 843E1BE93FEF3BF26ED4AD52 /* ProfileMyProfileComponents.swift */; };
		AC2BC864E928D9409BD3031E /* FirebaseAsyncBridge.swift in Sources */ = {isa = PBXBuildFile; fileRef = 1B61EEDF792044597674EE72 /* FirebaseAsyncBridge.swift */; };
		B1DFC7A5BD472F3961806445 /* VinctusHeaderBar.swift in Sources */ = {isa = PBXBuildFile; fileRef = 99C406CF5870BB19577A27AC /* VinctusHeaderBar.swift */; };
		B67C94EC44638AD5894B95D1 /* FeedDirectInboxViewModel.swift in Sources */ = {isa = PBXBuildFile; fileRef = 077C2E123CCFF243554E6DEE /* FeedDirectInboxViewModel.swift */; };
		BEB1F7C3F7B64FF69133CA86 /* FirebaseBootstrap.swift in Sources */ = {isa = PBXBuildFile; fileRef = A3CF003CE56116EE2FEA96D2 /* FirebaseBootstrap.swift */; };
		C17E0C28CB537475B1548058 /* CreatePostMediaProcessor.swift in Sources */ = {isa = PBXBuildFile; fileRef = 6AAD82D4044EB3B7348CAE94 /* CreatePostMediaProcessor.swift */; };
		C28CFEE695BE5A3EE958A467 /* FeedRepo.swift in Sources */ = {isa = PBXBuildFile; fileRef = E1F2C22E45A476B5BF108C85 /* FeedRepo.swift */; };
		C8836CF36EC502E87E78E60F /* ConnectionsSkeletonSections.swift in Sources */ = {isa = PBXBuildFile; fileRef = 26A5F4BED321A22EE7897554 /* ConnectionsSkeletonSections.swift */; };
		CB819095AF1D4CAECF540AC6 /* GroupDetailViewModel.swift in Sources */ = {isa = PBXBuildFile; fileRef = BAE226398131B2F595FA6689 /* GroupDetailViewModel.swift */; };
		CED347EFDC5DA085E7D07226 /* FirebaseFunctions in Frameworks */ = {isa = PBXBuildFile; productRef = 044E1F95CB1FA517D5923FCC /* FirebaseFunctions */; };
		CEE76351CF20E4D879BB5F0F /* FirebaseStorage in Frameworks */ = {isa = PBXBuildFile; productRef = 215BFDEA7DFD70B3F014FF94 /* FirebaseStorage */; };
		D0F97F03D93C350AD926FE16 /* CreatePostComposerComponents.swift in Sources */ = {isa = PBXBuildFile; fileRef = D5266F117872FB84B5D407AA /* CreatePostComposerComponents.swift */; };
		D2D94A8FE55BC15BE8DB2EB7 /* VTopSafeAreaBackground.swift in Sources */ = {isa = PBXBuildFile; fileRef = C52D4D20EC6B3105E6BB1081 /* VTopSafeAreaBackground.swift */; };
		D78782CD413958B89349D3C6 /* ChatParsing.swift in Sources */ = {isa = PBXBuildFile; fileRef = ABEA165E909EF301426E43B0 /* ChatParsing.swift */; };
		D7D5D7338394E0D9F15D4570 /* DiscoverSearchComponents.swift in Sources */ = {isa = PBXBuildFile; fileRef = 340CCC3F6F6543876B3A17BF /* DiscoverSearchComponents.swift */; };
		D89B64A8B225B6DA595D37C7 /* DiscoverSharedComponents.swift in Sources */ = {isa = PBXBuildFile; fileRef = 96D18EC5E43E8AD6821C47BC /* DiscoverSharedComponents.swift */; };
		D8FEDA1FE18AC7F12095D858 /* AppEnvironment.swift in Sources */ = {isa = PBXBuildFile; fileRef = 231668B80D31F67FD71F570D /* AppEnvironment.swift */; };
		DB4FD37C02F66E1BBE8F47B1 /* AuthRepo.swift in Sources */ = {isa = PBXBuildFile; fileRef = C91659C409B1D1E12657E2F9 /* AuthRepo.swift */; };
		DB5B4AB598BD5332B40EEC50 /* GroupView.swift in Sources */ = {isa = PBXBuildFile; fileRef = AE714987B829ADFFED80E821 /* GroupView.swift */; };
		DDD13BFFB2AFC2AD5003992A /* AppLog.swift in Sources */ = {isa = PBXBuildFile; fileRef = 21E6E2A239A3A8C0F044ABE8 /* AppLog.swift */; };
		E2AD625A6D7C354841CE69F5 /* DiscoverPublicationComponents.swift in Sources */ = {isa = PBXBuildFile; fileRef = B3D085C23676B66162E3CCCC /* DiscoverPublicationComponents.swift */; };
		E349ADDF5F0DCCAE3EA98ADF /* DiscoverView.swift in Sources */ = {isa = PBXBuildFile; fileRef = 267C4CEA34290F8D77600540 /* DiscoverView.swift */; };
		E67BACF3ECA1727D374C0565 /* DiscoverViewModel.swift in Sources */ = {isa = PBXBuildFile; fileRef = A26FBE407FC5F281AA6A604E /* DiscoverViewModel.swift */; };
		E6AF61E51BD52E4B36A534D7 /* Firebase in Resources */ = {isa = PBXBuildFile; fileRef = BE62D674D9DAFE9F84660E60 /* Firebase */; };
		ECFB6E9D100C255536693F19 /* AIConsentRepo.swift in Sources */ = {isa = PBXBuildFile; fileRef = E160DC2871794C194DF20813 /* AIConsentRepo.swift */; };
		F994F49617769210B1DBB631 /* ConnectivityMonitor.swift in Sources */ = {isa = PBXBuildFile; fileRef = 3C375A558136C74861C182A9 /* ConnectivityMonitor.swift */; };
		F9DE064173C9E9023EF1CEFF /* PostCommentsRepo.swift in Sources */ = {isa = PBXBuildFile; fileRef = 13AEB37F057B86A43EF2E605 /* PostCommentsRepo.swift */; };
/* End PBXBuildFile section */

/* Begin PBXContainerItemProxy section */
		156FF5CA9BE3B17FD94A110A /* PBXContainerItemProxy */ = {
			isa = PBXContainerItemProxy;
			containerPortal = C69454A017B116083EB8D97D /* Project object */;
			proxyType = 1;
			remoteGlobalIDString = A7F1811097CE929423E42689;
			remoteInfo = VinctusNative;
		};
/* End PBXContainerItemProxy section */

/* Begin PBXFileReference section */
		03376D1C78AAF10DADC04E3B /* VGroupIconView.swift */ = {isa = PBXFileReference; lastKnownFileType = sourcecode.swift; path = VGroupIconView.swift; sourceTree = "<group>"; };
		077C2E123CCFF243554E6DEE /* FeedDirectInboxViewModel.swift */ = {isa = PBXFileReference; lastKnownFileType = sourcecode.swift; path = FeedDirectInboxViewModel.swift; sourceTree = "<group>"; };
		09169E6BBE3CAD85BDFD4A66 /* DiscoverRepo.swift */ = {isa = PBXFileReference; lastKnownFileType = sourcecode.swift; path = DiscoverRepo.swift; sourceTree = "<group>"; };
		0B22A4DAC5EE2AAB608DB50D /* VinctusNativeTests.xctest */ = {isa = PBXFileReference; includeInIndex = 0; lastKnownFileType = wrapper.cfbundle; path = VinctusNativeTests.xctest; sourceTree = BUILT_PRODUCTS_DIR; };
		13AEB37F057B86A43EF2E605 /* PostCommentsRepo.swift */ = {isa = PBXFileReference; lastKnownFileType = sourcecode.swift; path = PostCommentsRepo.swift; sourceTree = "<group>"; };
		1B61EEDF792044597674EE72 /* FirebaseAsyncBridge.swift */ = {isa = PBXFileReference; lastKnownFileType = sourcecode.swift; path = FirebaseAsyncBridge.swift; sourceTree = "<group>"; };
		21E6E2A239A3A8C0F044ABE8 /* AppLog.swift */ = {isa = PBXFileReference; lastKnownFileType = sourcecode.swift; path = AppLog.swift; sourceTree = "<group>"; };
		231668B80D31F67FD71F570D /* AppEnvironment.swift */ = {isa = PBXFileReference; lastKnownFileType = sourcecode.swift; path = AppEnvironment.swift; sourceTree = "<group>"; };
		267C4CEA34290F8D77600540 /* DiscoverView.swift */ = {isa = PBXFileReference; lastKnownFileType = sourcecode.swift; path = DiscoverView.swift; sourceTree = "<group>"; };
		26A5F4BED321A22EE7897554 /* ConnectionsSkeletonSections.swift */ = {isa = PBXFileReference; lastKnownFileType = sourcecode.swift; path = ConnectionsSkeletonSections.swift; sourceTree = "<group>"; };
		27CD0128DC9A5B55BB9BECB3 /* VinctusNativeApp.swift */ = {isa = PBXFileReference; lastKnownFileType = sourcecode.swift; path = VinctusNativeApp.swift; sourceTree = "<group>"; };
		2AD7CADE2BF4C59CBC8C83E7 /* CreatePostView.swift */ = {isa = PBXFileReference; lastKnownFileType = sourcecode.swift; path = CreatePostView.swift; sourceTree = "<group>"; };
		2C8E74A4E6627F8522294859 /* PostDetailView.swift */ = {isa = PBXFileReference; lastKnownFileType = sourcecode.swift; path = PostDetailView.swift; sourceTree = "<group>"; };
		2FAC65D2F3EF03502FD15BEF /* ProfileHeaderComponents.swift */ = {isa = PBXFileReference; lastKnownFileType = sourcecode.swift; path = ProfileHeaderComponents.swift; sourceTree = "<group>"; };
		32FBE102A72FA92BC6E78DE8 /* VinctusNativeTests.swift */ = {isa = PBXFileReference; lastKnownFileType = sourcecode.swift; path = VinctusNativeTests.swift; sourceTree = "<group>"; };
		340CCC3F6F6543876B3A17BF /* DiscoverSearchComponents.swift */ = {isa = PBXFileReference; lastKnownFileType = sourcecode.swift; path = DiscoverSearchComponents.swift; sourceTree = "<group>"; };
		374CF0100ADDC53BBD740943 /* SettingsView.swift */ = {isa = PBXFileReference; lastKnownFileType = sourcecode.swift; path = SettingsView.swift; sourceTree = "<group>"; };
		3BFABBD882C9A3428F34D683 /* ProfileViewModel.swift */ = {isa = PBXFileReference; lastKnownFileType = sourcecode.swift; path = ProfileViewModel.swift; sourceTree = "<group>"; };
		3C375A558136C74861C182A9 /* ConnectivityMonitor.swift */ = {isa = PBXFileReference; lastKnownFileType = sourcecode.swift; path = ConnectivityMonitor.swift; sourceTree = "<group>"; };
		425E9BCCB4A05C841B5F3147 /* ConnectionsCards.swift */ = {isa = PBXFileReference; lastKnownFileType = sourcecode.swift; path = ConnectionsCards.swift; sourceTree = "<group>"; };
		440FC38BC63381620B189F7D /* DeleteAccountRepo.swift */ = {isa = PBXFileReference; lastKnownFileType = sourcecode.swift; path = DeleteAccountRepo.swift; sourceTree = "<group>"; };
		4E7BB625BC492CB4E6F1B2A8 /* MainTabView.swift */ = {isa = PBXFileReference; lastKnownFileType = sourcecode.swift; path = MainTabView.swift; sourceTree = "<group>"; };
		55C117AF22B969DD375A302E /* DesignSystem.swift */ = {isa = PBXFileReference; lastKnownFileType = sourcecode.swift; path = DesignSystem.swift; sourceTree = "<group>"; };
		574D2F39CAD98E11AC2D59A7 /* AuthGateView.swift */ = {isa = PBXFileReference; lastKnownFileType = sourcecode.swift; path = AuthGateView.swift; sourceTree = "<group>"; };
		6081CAFEEE2C653E4EFC254B /* DiscoverContentComposer.swift */ = {isa = PBXFileReference; lastKnownFileType = sourcecode.swift; path = DiscoverContentComposer.swift; sourceTree = "<group>"; };
		60A65E935B05871676BADE50 /* CreatePostViewModel.swift */ = {isa = PBXFileReference; lastKnownFileType = sourcecode.swift; path = CreatePostViewModel.swift; sourceTree = "<group>"; };
		62F862BB1948125D6D0B715B /* ProfileCollectionsComponents.swift */ = {isa = PBXFileReference; lastKnownFileType = sourcecode.swift; path = ProfileCollectionsComponents.swift; sourceTree = "<group>"; };
		6AAD82D4044EB3B7348CAE94 /* CreatePostMediaProcessor.swift */ = {isa = PBXFileReference; lastKnownFileType = sourcecode.swift; path = CreatePostMediaProcessor.swift; sourceTree = "<group>"; };
		6BC3E3BDBAE6994FA3E13A00 /* GroupsLoader.swift */ = {isa = PBXFileReference; lastKnownFileType = sourcecode.swift; path = GroupsLoader.swift; sourceTree = "<group>"; };
		6F976F7E3D7D27F9DBAEBD93 /* DiscoverTrendComponents.swift */ = {isa = PBXFileReference; lastKnownFileType = sourcecode.swift; path = DiscoverTrendComponents.swift; sourceTree = "<group>"; };
		72FAB658A35B51B9114A8659 /* FeedDirectModels.swift */ = {isa = PBXFileReference; lastKnownFileType = sourcecode.swift; path = FeedDirectModels.swift; sourceTree = "<group>"; };
		732EBA9509FE3C698A7E41D0 /* FeedDirectViews.swift */ = {isa = PBXFileReference; lastKnownFileType = sourcecode.swift; path = FeedDirectViews.swift; sourceTree = "<group>"; };
		7346067B77E9B3A131908589 /* FeedContentComposer.swift */ = {isa = PBXFileReference; lastKnownFileType = sourcecode.swift; path = FeedContentComposer.swift; sourceTree = "<group>"; };
		7384654F171781B8599ED77A /* ChatDomain.swift */ = {isa = PBXFileReference; lastKnownFileType = sourcecode.swift; path = ChatDomain.swift; sourceTree = "<group>"; };
		74791BC745852DDAFE4D10A8 /* DiscoverDebateComponents.swift */ = {isa = PBXFileReference; lastKnownFileType = sourcecode.swift; path = DiscoverDebateComponents.swift; sourceTree = "<group>"; };
		7AE6C7816AD5F7E8E7AFF848 /* FirestoreHelpers.swift */ = {isa = PBXFileReference; lastKnownFileType = sourcecode.swift; path = FirestoreHelpers.swift; sourceTree = "<group>"; };
		82648C329B172C8C2FC2BBF8 /* FeedDirectThreadViewModel.swift */ = {isa = PBXFileReference; lastKnownFileType = sourcecode.swift; path = FeedDirectThreadViewModel.swift; sourceTree = "<group>"; };
		843E1BE93FEF3BF26ED4AD52 /* ProfileMyProfileComponents.swift */ = {isa = PBXFileReference; lastKnownFileType = sourcecode.swift; path = ProfileMyProfileComponents.swift; sourceTree = "<group>"; };
		851B0014BB5B5DF35C2D2401 /* SettingsViewModel.swift */ = {isa = PBXFileReference; lastKnownFileType = sourcecode.swift; path = SettingsViewModel.swift; sourceTree = "<group>"; };
		94869D74D567FD22DDECA573 /* CreatePostMediaRules.swift */ = {isa = PBXFileReference; lastKnownFileType = sourcecode.swift; path = CreatePostMediaRules.swift; sourceTree = "<group>"; };
		95C5F3F30FF9C59DE0399CB7 /* VinctusNative.app */ = {isa = PBXFileReference; includeInIndex = 0; lastKnownFileType = wrapper.application; path = VinctusNative.app; sourceTree = BUILT_PRODUCTS_DIR; };
		96D18EC5E43E8AD6821C47BC /* DiscoverSharedComponents.swift */ = {isa = PBXFileReference; lastKnownFileType = sourcecode.swift; path = DiscoverSharedComponents.swift; sourceTree = "<group>"; };
		976AF15993AC831E3E59FFF0 /* VAvatarView.swift */ = {isa = PBXFileReference; lastKnownFileType = sourcecode.swift; path = VAvatarView.swift; sourceTree = "<group>"; };
		99C406CF5870BB19577A27AC /* VinctusHeaderBar.swift */ = {isa = PBXFileReference; lastKnownFileType = sourcecode.swift; path = VinctusHeaderBar.swift; sourceTree = "<group>"; };
		A26FBE407FC5F281AA6A604E /* DiscoverViewModel.swift */ = {isa = PBXFileReference; lastKnownFileType = sourcecode.swift; path = DiscoverViewModel.swift; sourceTree = "<group>"; };
		A3CF003CE56116EE2FEA96D2 /* FirebaseBootstrap.swift */ = {isa = PBXFileReference; lastKnownFileType = sourcecode.swift; path = FirebaseBootstrap.swift; sourceTree = "<group>"; };
		A4C64AD5251445A335560509 /* FeedSkeletonComponents.swift */ = {isa = PBXFileReference; lastKnownFileType = sourcecode.swift; path = FeedSkeletonComponents.swift; sourceTree = "<group>"; };
		A96718B206180A569152101D /* CreatePostRepo.swift */ = {isa = PBXFileReference; lastKnownFileType = sourcecode.swift; path = CreatePostRepo.swift; sourceTree = "<group>"; };
		ABEA165E909EF301426E43B0 /* ChatParsing.swift */ = {isa = PBXFileReference; lastKnownFileType = sourcecode.swift; path = ChatParsing.swift; sourceTree = "<group>"; };
		AE714987B829ADFFED80E821 /* GroupView.swift */ = {isa = PBXFileReference; lastKnownFileType = sourcecode.swift; path = GroupView.swift; sourceTree = "<group>"; };
		B3D085C23676B66162E3CCCC /* DiscoverPublicationComponents.swift */ = {isa = PBXFileReference; lastKnownFileType = sourcecode.swift; path = DiscoverPublicationComponents.swift; sourceTree = "<group>"; };
		BAE226398131B2F595FA6689 /* GroupDetailViewModel.swift */ = {isa = PBXFileReference; lastKnownFileType = sourcecode.swift; path = GroupDetailViewModel.swift; sourceTree = "<group>"; };
		BBAB521B5ED7377D52171B7A /* PostDetailViewModel.swift */ = {isa = PBXFileReference; lastKnownFileType = sourcecode.swift; path = PostDetailViewModel.swift; sourceTree = "<group>"; };
		BE62D674D9DAFE9F84660E60 /* Firebase */ = {isa = PBXFileReference; lastKnownFileType = folder; name = Firebase; path = Resources/Firebase; sourceTree = SOURCE_ROOT; };
		C52D4D20EC6B3105E6BB1081 /* VTopSafeAreaBackground.swift */ = {isa = PBXFileReference; lastKnownFileType = sourcecode.swift; path = VTopSafeAreaBackground.swift; sourceTree = "<group>"; };
		C72978E168C7698EE2E6A17A /* GroupViewModel.swift */ = {isa = PBXFileReference; lastKnownFileType = sourcecode.swift; path = GroupViewModel.swift; sourceTree = "<group>"; };
		C91659C409B1D1E12657E2F9 /* AuthRepo.swift */ = {isa = PBXFileReference; lastKnownFileType = sourcecode.swift; path = AuthRepo.swift; sourceTree = "<group>"; };
		CFEE85DEC005096E3664F167 /* FeedView.swift */ = {isa = PBXFileReference; lastKnownFileType = sourcecode.swift; path = FeedView.swift; sourceTree = "<group>"; };
		D252CA6916A42A288461E85B /* AuthViewModel.swift */ = {isa = PBXFileReference; lastKnownFileType = sourcecode.swift; path = AuthViewModel.swift; sourceTree = "<group>"; };
		D5266F117872FB84B5D407AA /* CreatePostComposerComponents.swift */ = {isa = PBXFileReference; lastKnownFileType = sourcecode.swift; path = CreatePostComposerComponents.swift; sourceTree = "<group>"; };
		DB9A8D2ACE9348641A2880E2 /* LegalConfig.swift */ = {isa = PBXFileReference; lastKnownFileType = sourcecode.swift; path = LegalConfig.swift; sourceTree = "<group>"; };
		DEEA46CEA0831099A17F7275 /* RootView.swift */ = {isa = PBXFileReference; lastKnownFileType = sourcecode.swift; path = RootView.swift; sourceTree = "<group>"; };
		E087656F091047C96F880289 /* ProfileView.swift */ = {isa = PBXFileReference; lastKnownFileType = sourcecode.swift; path = ProfileView.swift; sourceTree = "<group>"; };
		E160DC2871794C194DF20813 /* AIConsentRepo.swift */ = {isa = PBXFileReference; lastKnownFileType = sourcecode.swift; path = AIConsentRepo.swift; sourceTree = "<group>"; };
		E1F2C22E45A476B5BF108C85 /* FeedRepo.swift */ = {isa = PBXFileReference; lastKnownFileType = sourcecode.swift; path = FeedRepo.swift; sourceTree = "<group>"; };
		E4DD34D4E4338FB698D832AF /* FeedDialogsComponents.swift */ = {isa = PBXFileReference; lastKnownFileType = sourcecode.swift; path = FeedDialogsComponents.swift; sourceTree = "<group>"; };
		EBB967D7E35EF2361679D1D4 /* GroupsRepo.swift */ = {isa = PBXFileReference; lastKnownFileType = sourcecode.swift; path = GroupsRepo.swift; sourceTree = "<group>"; };
		EFE7F6EC84E895D4E1F4A227 /* GroupsListView.swift */ = {isa = PBXFileReference; lastKnownFileType = sourcecode.swift; path = GroupsListView.swift; sourceTree = "<group>"; };
		F89F4245ACAEB8E5F66A4F5F /* ChatRepo.swift */ = {isa = PBXFileReference; lastKnownFileType = sourcecode.swift; path = ChatRepo.swift; sourceTree = "<group>"; };
		F906A6F5C3977C1C36B76860 /* ProfileRepo.swift */ = {isa = PBXFileReference; lastKnownFileType = sourcecode.swift; path = ProfileRepo.swift; sourceTree = "<group>"; };
		F99A7BD04CE0CB60FF2C4742 /* CreatePostDraftComposer.swift */ = {isa = PBXFileReference; lastKnownFileType = sourcecode.swift; path = CreatePostDraftComposer.swift; sourceTree = "<group>"; };
		FC1AFF500AD052635454B896 /* FeedViewModel.swift */ = {isa = PBXFileReference; lastKnownFileType = sourcecode.swift; path = FeedViewModel.swift; sourceTree = "<group>"; };
/* End PBXFileReference section */

/* Begin PBXFrameworksBuildPhase section */
		34D941AF8820AE5CFB1D01D3 /* Frameworks */ = {
			isa = PBXFrameworksBuildPhase;
			buildActionMask = 2147483647;
			files = (
				AAA82ED739E25ABB8C4BB215 /* FirebaseAuth in Frameworks */,
				784110CF5F85F66F636C1955 /* FirebaseFirestore in Frameworks */,
				CED347EFDC5DA085E7D07226 /* FirebaseFunctions in Frameworks */,
				CEE76351CF20E4D879BB5F0F /* FirebaseStorage in Frameworks */,
				5112777F595730C6B24455F9 /* GoogleSignIn in Frameworks */,
			);
			runOnlyForDeploymentPostprocessing = 0;
		};
/* End PBXFrameworksBuildPhase section */

/* Begin PBXGroup section */
		01CAAA14D4ED85E559049A80 /* UI */ = {
			isa = PBXGroup;
			children = (
				74791BC745852DDAFE4D10A8 /* DiscoverDebateComponents.swift */,
				B3D085C23676B66162E3CCCC /* DiscoverPublicationComponents.swift */,
				340CCC3F6F6543876B3A17BF /* DiscoverSearchComponents.swift */,
				96D18EC5E43E8AD6821C47BC /* DiscoverSharedComponents.swift */,
				6F976F7E3D7D27F9DBAEBD93 /* DiscoverTrendComponents.swift */,
			);
			path = UI;
			sourceTree = "<group>";
		};
		0B0A07BF9FADF5E9621A1154 /* Tests */ = {
			isa = PBXGroup;
			children = (
				32FBE102A72FA92BC6E78DE8 /* VinctusNativeTests.swift */,
			);
			path = Tests;
			sourceTree = "<group>";
		};
		1CED7ED99B699F4655D4FCD3 /* Feed */ = {
			isa = PBXGroup;
			children = (
				7384654F171781B8599ED77A /* ChatDomain.swift */,
				ABEA165E909EF301426E43B0 /* ChatParsing.swift */,
				F89F4245ACAEB8E5F66A4F5F /* ChatRepo.swift */,
				7346067B77E9B3A131908589 /* FeedContentComposer.swift */,
				077C2E123CCFF243554E6DEE /* FeedDirectInboxViewModel.swift */,
				72FAB658A35B51B9114A8659 /* FeedDirectModels.swift */,
				82648C329B172C8C2FC2BBF8 /* FeedDirectThreadViewModel.swift */,
				732EBA9509FE3C698A7E41D0 /* FeedDirectViews.swift */,
				E1F2C22E45A476B5BF108C85 /* FeedRepo.swift */,
				CFEE85DEC005096E3664F167 /* FeedView.swift */,
				FC1AFF500AD052635454B896 /* FeedViewModel.swift */,
				8109F1DD0C2537EEB2FD5B36 /* UI */,
			);
			path = Feed;
			sourceTree = "<group>";
		};
		3A302ED01A36A07C9CD1C068 /* PostDetail */ = {
			isa = PBXGroup;
			children = (
				13AEB37F057B86A43EF2E605 /* PostCommentsRepo.swift */,
				2C8E74A4E6627F8522294859 /* PostDetailView.swift */,
				BBAB521B5ED7377D52171B7A /* PostDetailViewModel.swift */,
			);
			path = PostDetail;
			sourceTree = "<group>";
		};
		3D27BCF817B4746B2E4CBFB4 /* UI */ = {
			isa = PBXGroup;
			children = (
				425E9BCCB4A05C841B5F3147 /* ConnectionsCards.swift */,
				26A5F4BED321A22EE7897554 /* ConnectionsSkeletonSections.swift */,
			);
			path = UI;
			sourceTree = "<group>";
		};
		3F86EB447F09E79F619D968A /* Resources */ = {
			isa = PBXGroup;
			children = (
				BE62D674D9DAFE9F84660E60 /* Firebase */,
			);
			path = Resources;
			sourceTree = "<group>";
		};
		4925DB49E7F75E122BF4A273 /* Features */ = {
			isa = PBXGroup;
			children = (
				5694348C1EA9B380503E764A /* Auth */,
				F4B4E03DCC6285F8F6F613CF /* CreatePost */,
				692C266A3685347AB70511A0 /* Discover */,
				1CED7ED99B699F4655D4FCD3 /* Feed */,
				847474BD2D34D751ECF22DD6 /* Groups */,
				3A302ED01A36A07C9CD1C068 /* PostDetail */,
				52494CD2D79F37B4C8593A0B /* Profile */,
				4A61D86135194E90B9B40A16 /* Settings */,
			);
			path = Features;
			sourceTree = "<group>";
		};
		4A61D86135194E90B9B40A16 /* Settings */ = {
			isa = PBXGroup;
			children = (
				E160DC2871794C194DF20813 /* AIConsentRepo.swift */,
				440FC38BC63381620B189F7D /* DeleteAccountRepo.swift */,
				374CF0100ADDC53BBD740943 /* SettingsView.swift */,
				851B0014BB5B5DF35C2D2401 /* SettingsViewModel.swift */,
			);
			path = Settings;
			sourceTree = "<group>";
		};
		52494CD2D79F37B4C8593A0B /* Profile */ = {
			isa = PBXGroup;
			children = (
				F906A6F5C3977C1C36B76860 /* ProfileRepo.swift */,
				E087656F091047C96F880289 /* ProfileView.swift */,
				3BFABBD882C9A3428F34D683 /* ProfileViewModel.swift */,
				799DA39DE04B147C9D58D0E3 /* UI */,
			);
			path = Profile;
			sourceTree = "<group>";
		};
		542660F7CF2B2D3CE73C677E = {
			isa = PBXGroup;
			children = (
				3F86EB447F09E79F619D968A /* Resources */,
				7E35AC2003C6EC59284F4C89 /* Sources */,
				0B0A07BF9FADF5E9621A1154 /* Tests */,
				F8A20CA52596A1539B16E3C8 /* Products */,
			);
			sourceTree = "<group>";
		};
		56313B2152DADA5295735572 /* Core */ = {
			isa = PBXGroup;
			children = (
				231668B80D31F67FD71F570D /* AppEnvironment.swift */,
				21E6E2A239A3A8C0F044ABE8 /* AppLog.swift */,
				3C375A558136C74861C182A9 /* ConnectivityMonitor.swift */,
				1B61EEDF792044597674EE72 /* FirebaseAsyncBridge.swift */,
				A3CF003CE56116EE2FEA96D2 /* FirebaseBootstrap.swift */,
				7AE6C7816AD5F7E8E7AFF848 /* FirestoreHelpers.swift */,
				6BC3E3BDBAE6994FA3E13A00 /* GroupsLoader.swift */,
				DB9A8D2ACE9348641A2880E2 /* LegalConfig.swift */,
				4E7BB625BC492CB4E6F1B2A8 /* MainTabView.swift */,
				DEEA46CEA0831099A17F7275 /* RootView.swift */,
				27CD0128DC9A5B55BB9BECB3 /* VinctusNativeApp.swift */,
			);
			path = Core;
			sourceTree = "<group>";
		};
		5694348C1EA9B380503E764A /* Auth */ = {
			isa = PBXGroup;
			children = (
				574D2F39CAD98E11AC2D59A7 /* AuthGateView.swift */,
				C91659C409B1D1E12657E2F9 /* AuthRepo.swift */,
				D252CA6916A42A288461E85B /* AuthViewModel.swift */,
			);
			path = Auth;
			sourceTree = "<group>";
		};
		692C266A3685347AB70511A0 /* Discover */ = {
			isa = PBXGroup;
			children = (
				6081CAFEEE2C653E4EFC254B /* DiscoverContentComposer.swift */,
				09169E6BBE3CAD85BDFD4A66 /* DiscoverRepo.swift */,
				267C4CEA34290F8D77600540 /* DiscoverView.swift */,
				A26FBE407FC5F281AA6A604E /* DiscoverViewModel.swift */,
				01CAAA14D4ED85E559049A80 /* UI */,
			);
			path = Discover;
			sourceTree = "<group>";
		};
		799DA39DE04B147C9D58D0E3 /* UI */ = {
			isa = PBXGroup;
			children = (
				62F862BB1948125D6D0B715B /* ProfileCollectionsComponents.swift */,
				2FAC65D2F3EF03502FD15BEF /* ProfileHeaderComponents.swift */,
				843E1BE93FEF3BF26ED4AD52 /* ProfileMyProfileComponents.swift */,
			);
			path = UI;
			sourceTree = "<group>";
		};
		7E35AC2003C6EC59284F4C89 /* Sources */ = {
			isa = PBXGroup;
			children = (
				56313B2152DADA5295735572 /* Core */,
				A1752D41654ACBC0186F49C3 /* DesignSystem */,
				4925DB49E7F75E122BF4A273 /* Features */,
			);
			path = Sources;
			sourceTree = "<group>";
		};
		8109F1DD0C2537EEB2FD5B36 /* UI */ = {
			isa = PBXGroup;
			children = (
				E4DD34D4E4338FB698D832AF /* FeedDialogsComponents.swift */,
				A4C64AD5251445A335560509 /* FeedSkeletonComponents.swift */,
			);
			path = UI;
			sourceTree = "<group>";
		};
		847474BD2D34D751ECF22DD6 /* Groups */ = {
			isa = PBXGroup;
			children = (
				BAE226398131B2F595FA6689 /* GroupDetailViewModel.swift */,
				EFE7F6EC84E895D4E1F4A227 /* GroupsListView.swift */,
				EBB967D7E35EF2361679D1D4 /* GroupsRepo.swift */,
				AE714987B829ADFFED80E821 /* GroupView.swift */,
				C72978E168C7698EE2E6A17A /* GroupViewModel.swift */,
				3D27BCF817B4746B2E4CBFB4 /* UI */,
			);
			path = Groups;
			sourceTree = "<group>";
		};
		A1752D41654ACBC0186F49C3 /* DesignSystem */ = {
			isa = PBXGroup;
			children = (
				55C117AF22B969DD375A302E /* DesignSystem.swift */,
				976AF15993AC831E3E59FFF0 /* VAvatarView.swift */,
				03376D1C78AAF10DADC04E3B /* VGroupIconView.swift */,
				99C406CF5870BB19577A27AC /* VinctusHeaderBar.swift */,
				C52D4D20EC6B3105E6BB1081 /* VTopSafeAreaBackground.swift */,
			);
			path = DesignSystem;
			sourceTree = "<group>";
		};
		A7E6F71D9882838B0342EEAB /* UI */ = {
			isa = PBXGroup;
			children = (
				D5266F117872FB84B5D407AA /* CreatePostComposerComponents.swift */,
			);
			path = UI;
			sourceTree = "<group>";
		};
		F4B4E03DCC6285F8F6F613CF /* CreatePost */ = {
			isa = PBXGroup;
			children = (
				F99A7BD04CE0CB60FF2C4742 /* CreatePostDraftComposer.swift */,
				6AAD82D4044EB3B7348CAE94 /* CreatePostMediaProcessor.swift */,
				94869D74D567FD22DDECA573 /* CreatePostMediaRules.swift */,
				A96718B206180A569152101D /* CreatePostRepo.swift */,
				2AD7CADE2BF4C59CBC8C83E7 /* CreatePostView.swift */,
				60A65E935B05871676BADE50 /* CreatePostViewModel.swift */,
				A7E6F71D9882838B0342EEAB /* UI */,
			);
			path = CreatePost;
			sourceTree = "<group>";
		};
		F8A20CA52596A1539B16E3C8 /* Products */ = {
			isa = PBXGroup;
			children = (
				95C5F3F30FF9C59DE0399CB7 /* VinctusNative.app */,
				0B22A4DAC5EE2AAB608DB50D /* VinctusNativeTests.xctest */,
			);
			name = Products;
			sourceTree = "<group>";
		};
/* End PBXGroup section */

/* Begin PBXNativeTarget section */
		A7F1811097CE929423E42689 /* VinctusNative */ = {
			isa = PBXNativeTarget;
			buildConfigurationList = FB9C8A56AD53FC42DB8412CF /* Build configuration list for PBXNativeTarget "VinctusNative" */;
			buildPhases = (
				AEBC7287CC21701C90B3EA52 /* Sources */,
				9B1BCF68DD0A7C8D37B0B6DF /* Resources */,
				34D941AF8820AE5CFB1D01D3 /* Frameworks */,
			);
			buildRules = (
			);
			dependencies = (
			);
			name = VinctusNative;
			packageProductDependencies = (
				1DFC0389A2A3A8827925595D /* FirebaseAuth */,
				64134F618816ABD24D123A39 /* FirebaseFirestore */,
				044E1F95CB1FA517D5923FCC /* FirebaseFunctions */,
				215BFDEA7DFD70B3F014FF94 /* FirebaseStorage */,
				94BC5A68B5818E1E2DCBF558 /* GoogleSignIn */,
			);
			productName = VinctusNative;
			productReference = 95C5F3F30FF9C59DE0399CB7 /* VinctusNative.app */;
			productType = "com.apple.product-type.application";
		};
		BDF718743C4D295766AE4918 /* VinctusNativeTests */ = {
			isa = PBXNativeTarget;
			buildConfigurationList = 09D1BAAE3D9D4A0F995F5AA9 /* Build configuration list for PBXNativeTarget "VinctusNativeTests" */;
			buildPhases = (
				9DD42B1999B45636FC0E467F /* Sources */,
			);
			buildRules = (
			);
			dependencies = (
				9C440DDB195F20022449D13D /* PBXTargetDependency */,
			);
			name = VinctusNativeTests;
			packageProductDependencies = (
			);
			productName = VinctusNativeTests;
			productReference = 0B22A4DAC5EE2AAB608DB50D /* VinctusNativeTests.xctest */;
			productType = "com.apple.product-type.bundle.unit-test";
		};
/* End PBXNativeTarget section */

/* Begin PBXProject section */
		C69454A017B116083EB8D97D /* Project object */ = {
			isa = PBXProject;
			attributes = {
				BuildIndependentTargetsInParallel = YES;
				LastUpgradeCheck = 1430;
			};
			buildConfigurationList = 1588BA2ACA136E9415FE1B71 /* Build configuration list for PBXProject "VinctusNative" */;
			compatibilityVersion = "Xcode 14.0";
			developmentRegion = en;
			hasScannedForEncodings = 0;
			knownRegions = (
				Base,
				en,
			);
			mainGroup = 542660F7CF2B2D3CE73C677E;
			minimizedProjectReferenceProxies = 1;
			packageReferences = (
				A75E6CC52208AE511D979338 /* XCRemoteSwiftPackageReference "firebase-ios-sdk" */,
				8FE22ECD341DE620C1578912 /* XCRemoteSwiftPackageReference "GoogleSignIn-iOS" */,
			);
			preferredProjectObjectVersion = 77;
			projectDirPath = "";
			projectRoot = "";
			targets = (
				A7F1811097CE929423E42689 /* VinctusNative */,
				BDF718743C4D295766AE4918 /* VinctusNativeTests */,
			);
		};
/* End PBXProject section */

/* Begin PBXResourcesBuildPhase section */
		9B1BCF68DD0A7C8D37B0B6DF /* Resources */ = {
			isa = PBXResourcesBuildPhase;
			buildActionMask = 2147483647;
			files = (
				E6AF61E51BD52E4B36A534D7 /* Firebase in Resources */,
			);
			runOnlyForDeploymentPostprocessing = 0;
		};
/* End PBXResourcesBuildPhase section */

/* Begin PBXSourcesBuildPhase section */
		9DD42B1999B45636FC0E467F /* Sources */ = {
			isa = PBXSourcesBuildPhase;
			buildActionMask = 2147483647;
			files = (
				1FD745B241CC985DA29E71E4 /* VinctusNativeTests.swift in Sources */,
			);
			runOnlyForDeploymentPostprocessing = 0;
		};
		AEBC7287CC21701C90B3EA52 /* Sources */ = {
			isa = PBXSourcesBuildPhase;
			buildActionMask = 2147483647;
			files = (
				ECFB6E9D100C255536693F19 /* AIConsentRepo.swift in Sources */,
				D8FEDA1FE18AC7F12095D858 /* AppEnvironment.swift in Sources */,
				DDD13BFFB2AFC2AD5003992A /* AppLog.swift in Sources */,
				0A6BF21115D1FD9A0F7394E5 /* AuthGateView.swift in Sources */,
				DB4FD37C02F66E1BBE8F47B1 /* AuthRepo.swift in Sources */,
				8D72D7F5B1DC862DFB68CF1F /* AuthViewModel.swift in Sources */,
				A74ED302FA7F96FF21360E67 /* ChatDomain.swift in Sources */,
				D78782CD413958B89349D3C6 /* ChatParsing.swift in Sources */,
				12608B91CEEEB0D2519D5F3E /* ChatRepo.swift in Sources */,
				32B03756B6CBC88E208A49FB /* ConnectionsCards.swift in Sources */,
				C8836CF36EC502E87E78E60F /* ConnectionsSkeletonSections.swift in Sources */,
				F994F49617769210B1DBB631 /* ConnectivityMonitor.swift in Sources */,
				D0F97F03D93C350AD926FE16 /* CreatePostComposerComponents.swift in Sources */,
				02C79156D6F084D5522505A6 /* CreatePostDraftComposer.swift in Sources */,
				C17E0C28CB537475B1548058 /* CreatePostMediaProcessor.swift in Sources */,
				6908A4133AA55C77EC0485B4 /* CreatePostMediaRules.swift in Sources */,
				13BB0B5E2B40204CBF701265 /* CreatePostRepo.swift in Sources */,
				58F9CC192B32D1B8A7FAE918 /* CreatePostView.swift in Sources */,
				82B081F5359347928EFE40CF /* CreatePostViewModel.swift in Sources */,
				53C423A5B81234127B8133D5 /* DeleteAccountRepo.swift in Sources */,
				4AD06207E879A339912E7836 /* DesignSystem.swift in Sources */,
				6CD0E47E6BB62592E1F2AF06 /* DiscoverContentComposer.swift in Sources */,
				7A7D5768D4173783C8FC86DB /* DiscoverDebateComponents.swift in Sources */,
				E2AD625A6D7C354841CE69F5 /* DiscoverPublicationComponents.swift in Sources */,
				A4DAD6D8E14D2458182E53FE /* DiscoverRepo.swift in Sources */,
				D7D5D7338394E0D9F15D4570 /* DiscoverSearchComponents.swift in Sources */,
				D89B64A8B225B6DA595D37C7 /* DiscoverSharedComponents.swift in Sources */,
				19B58D79E072E0923405FAD8 /* DiscoverTrendComponents.swift in Sources */,
				E349ADDF5F0DCCAE3EA98ADF /* DiscoverView.swift in Sources */,
				E67BACF3ECA1727D374C0565 /* DiscoverViewModel.swift in Sources */,
				31E8267A24F3110D1ACE6142 /* FeedContentComposer.swift in Sources */,
				434484BC8124E817423E19DC /* FeedDialogsComponents.swift in Sources */,
				B67C94EC44638AD5894B95D1 /* FeedDirectInboxViewModel.swift in Sources */,
				2A55CAE18FA85534D727010C /* FeedDirectModels.swift in Sources */,
				89A438C5EF9433703AA4EE1E /* FeedDirectThreadViewModel.swift in Sources */,
				4C343D0633456780F8F7F8F2 /* FeedDirectViews.swift in Sources */,
				C28CFEE695BE5A3EE958A467 /* FeedRepo.swift in Sources */,
				0E13B03E5B7C1D53076F4006 /* FeedSkeletonComponents.swift in Sources */,
				68EAE586C64815800936ECBA /* FeedView.swift in Sources */,
				7420FD3EFA0562CE3C575DA1 /* FeedViewModel.swift in Sources */,
				AC2BC864E928D9409BD3031E /* FirebaseAsyncBridge.swift in Sources */,
				BEB1F7C3F7B64FF69133CA86 /* FirebaseBootstrap.swift in Sources */,
				8F3A1798B1514A1823CD229F /* FirestoreHelpers.swift in Sources */,
				CB819095AF1D4CAECF540AC6 /* GroupDetailViewModel.swift in Sources */,
				DB5B4AB598BD5332B40EEC50 /* GroupView.swift in Sources */,
				5E126D87270CF5AE3F3447EA /* GroupViewModel.swift in Sources */,
				84518D8E289DC0EBE26A5AE1 /* GroupsListView.swift in Sources */,
				8269DEFBB135CA92EE91F438 /* GroupsLoader.swift in Sources */,
				8B6866CAA1E90D5082888B37 /* GroupsRepo.swift in Sources */,
				482C12CBC7C863EC3CF88A76 /* LegalConfig.swift in Sources */,
				3A1A28E81E7EE46025983996 /* MainTabView.swift in Sources */,
				F9DE064173C9E9023EF1CEFF /* PostCommentsRepo.swift in Sources */,
				9E047AA45A3D97BA91443782 /* PostDetailView.swift in Sources */,
				6D61BE4574F4FFD9269A559E /* PostDetailViewModel.swift in Sources */,
				2F5B8D6025980E589BBBBD6B /* ProfileCollectionsComponents.swift in Sources */,
				39E48C160A5F07DB2801E7E3 /* ProfileHeaderComponents.swift in Sources */,
				AAC518EDB28AAF5166D5A62B /* ProfileMyProfileComponents.swift in Sources */,
				8E7C3E755A7361E70B33115E /* ProfileRepo.swift in Sources */,
				27E610F4B1C8D023C9DC779C /* ProfileView.swift in Sources */,
				353398BB13233EC188D8335C /* ProfileViewModel.swift in Sources */,
				9A3AA026F324E07AB479E94F /* RootView.swift in Sources */,
				2F591B260604C98345ACEB59 /* SettingsView.swift in Sources */,
				59955058378BF78B7BCCFF0B /* SettingsViewModel.swift in Sources */,
				57B20F83BE7C6C0B2CB38208 /* VAvatarView.swift in Sources */,
				99EFF878DC967930AB076AFD /* VGroupIconView.swift in Sources */,
				D2D94A8FE55BC15BE8DB2EB7 /* VTopSafeAreaBackground.swift in Sources */,
				B1DFC7A5BD472F3961806445 /* VinctusHeaderBar.swift in Sources */,
				5D6341707B143DFB5A81EA2F /* VinctusNativeApp.swift in Sources */,
			);
			runOnlyForDeploymentPostprocessing = 0;
		};
/* End PBXSourcesBuildPhase section */

/* Begin PBXTargetDependency section */
		9C440DDB195F20022449D13D /* PBXTargetDependency */ = {
			isa = PBXTargetDependency;
			target = A7F1811097CE929423E42689 /* VinctusNative */;
			targetProxy = 156FF5CA9BE3B17FD94A110A /* PBXContainerItemProxy */;
		};
/* End PBXTargetDependency section */

/* Begin XCBuildConfiguration section */
		060EC0993BFA69948424948D /* DebugStaging */ = {
			isa = XCBuildConfiguration;
			buildSettings = {
				ASSETCATALOG_COMPILER_APPICON_NAME = AppIcon;
				CODE_SIGN_ENTITLEMENTS = Resources/VinctusNative.entitlements;
				CODE_SIGN_IDENTITY = "iPhone Developer";
				GOOGLE_REVERSED_CLIENT_ID = "";
				INFOPLIST_FILE = Resources/Info.plist;
				IPHONEOS_DEPLOYMENT_TARGET = 17.0;
				LD_RUNPATH_SEARCH_PATHS = (
					"$(inherited)",
					"@executable_path/Frameworks",
				);
				PRODUCT_BUNDLE_IDENTIFIER = app.vinctus.social;
				SDKROOT = iphoneos;
				TARGETED_DEVICE_FAMILY = "1,2";
				VINCTUS_ENV = staging;
			};
			name = DebugStaging;
		};
		09C1BA5B65F95764878C10C6 /* ReleaseProd */ = {
			isa = XCBuildConfiguration;
			buildSettings = {
				ALWAYS_SEARCH_USER_PATHS = NO;
				CLANG_ANALYZER_NONNULL = YES;
				CLANG_ANALYZER_NUMBER_OBJECT_CONVERSION = YES_AGGRESSIVE;
				CLANG_CXX_LANGUAGE_STANDARD = "gnu++14";
				CLANG_CXX_LIBRARY = "libc++";
				CLANG_ENABLE_MODULES = YES;
				CLANG_ENABLE_OBJC_ARC = YES;
				CLANG_ENABLE_OBJC_WEAK = YES;
				CLANG_WARN_BLOCK_CAPTURE_AUTORELEASING = YES;
				CLANG_WARN_BOOL_CONVERSION = YES;
				CLANG_WARN_COMMA = YES;
				CLANG_WARN_CONSTANT_CONVERSION = YES;
				CLANG_WARN_DEPRECATED_OBJC_IMPLEMENTATIONS = YES;
				CLANG_WARN_DIRECT_OBJC_ISA_USAGE = YES_ERROR;
				CLANG_WARN_DOCUMENTATION_COMMENTS = YES;
				CLANG_WARN_EMPTY_BODY = YES;
				CLANG_WARN_ENUM_CONVERSION = YES;
				CLANG_WARN_INFINITE_RECURSION = YES;
				CLANG_WARN_INT_CONVERSION = YES;
				CLANG_WARN_NON_LITERAL_NULL_CONVERSION = YES;
				CLANG_WARN_OBJC_IMPLICIT_RETAIN_SELF = YES;
				CLANG_WARN_OBJC_LITERAL_CONVERSION = YES;
				CLANG_WARN_OBJC_ROOT_CLASS = YES_ERROR;
				CLANG_WARN_QUOTED_INCLUDE_IN_FRAMEWORK_HEADER = YES;
				CLANG_WARN_RANGE_LOOP_ANALYSIS = YES;
				CLANG_WARN_STRICT_PROTOTYPES = YES;
				CLANG_WARN_SUSPICIOUS_MOVE = YES;
				CLANG_WARN_UNGUARDED_AVAILABILITY = YES_AGGRESSIVE;
				CLANG_WARN_UNREACHABLE_CODE = YES;
				CLANG_WARN__DUPLICATE_METHOD_MATCH = YES;
				COPY_PHASE_STRIP = NO;
				CURRENT_PROJECT_VERSION = 1;
				DEBUG_INFORMATION_FORMAT = "dwarf-with-dsym";
				ENABLE_NS_ASSERTIONS = NO;
				ENABLE_STRICT_OBJC_MSGSEND = YES;
				GCC_C_LANGUAGE_STANDARD = gnu11;
				GCC_NO_COMMON_BLOCKS = YES;
				GCC_WARN_64_TO_32_BIT_CONVERSION = YES;
				GCC_WARN_ABOUT_RETURN_TYPE = YES_ERROR;
				GCC_WARN_UNDECLARED_SELECTOR = YES;
				GCC_WARN_UNINITIALIZED_AUTOS = YES_AGGRESSIVE;
				GCC_WARN_UNUSED_FUNCTION = YES;
				GCC_WARN_UNUSED_VARIABLE = YES;
				IPHONEOS_DEPLOYMENT_TARGET = 17.0;
				MARKETING_VERSION = 0.1.0;
				MTL_ENABLE_DEBUG_INFO = NO;
				MTL_FAST_MATH = YES;
				PRODUCT_NAME = "$(TARGET_NAME)";
				SDKROOT = iphoneos;
				SWIFT_COMPILATION_MODE = wholemodule;
				SWIFT_OPTIMIZATION_LEVEL = "-O";
				SWIFT_VERSION = 5.0;
			};
			name = ReleaseProd;
		};
		10D5258ADFD1AEDF2575C9B2 /* DebugStaging */ = {
			isa = XCBuildConfiguration;
			buildSettings = {
				BUNDLE_LOADER = "$(TEST_HOST)";
				GENERATE_INFOPLIST_FILE = YES;
				LD_RUNPATH_SEARCH_PATHS = (
					"$(inherited)",
					"@executable_path/Frameworks",
					"@loader_path/Frameworks",
				);
				SDKROOT = iphoneos;
				TARGETED_DEVICE_FAMILY = "1,2";
				TEST_HOST = "$(BUILT_PRODUCTS_DIR)/VinctusNative.app/VinctusNative";
			};
			name = DebugStaging;
		};
		2EE2713D8D25E8E6460134E5 /* DebugDev */ = {
			isa = XCBuildConfiguration;
			buildSettings = {
				ALWAYS_SEARCH_USER_PATHS = NO;
				CLANG_ANALYZER_NONNULL = YES;
				CLANG_ANALYZER_NUMBER_OBJECT_CONVERSION = YES_AGGRESSIVE;
				CLANG_CXX_LANGUAGE_STANDARD = "gnu++14";
				CLANG_CXX_LIBRARY = "libc++";
				CLANG_ENABLE_MODULES = YES;
				CLANG_ENABLE_OBJC_ARC = YES;
				CLANG_ENABLE_OBJC_WEAK = YES;
				CLANG_WARN_BLOCK_CAPTURE_AUTORELEASING = YES;
				CLANG_WARN_BOOL_CONVERSION = YES;
				CLANG_WARN_COMMA = YES;
				CLANG_WARN_CONSTANT_CONVERSION = YES;
				CLANG_WARN_DEPRECATED_OBJC_IMPLEMENTATIONS = YES;
				CLANG_WARN_DIRECT_OBJC_ISA_USAGE = YES_ERROR;
				CLANG_WARN_DOCUMENTATION_COMMENTS = YES;
				CLANG_WARN_EMPTY_BODY = YES;
				CLANG_WARN_ENUM_CONVERSION = YES;
				CLANG_WARN_INFINITE_RECURSION = YES;
				CLANG_WARN_INT_CONVERSION = YES;
				CLANG_WARN_NON_LITERAL_NULL_CONVERSION = YES;
				CLANG_WARN_OBJC_IMPLICIT_RETAIN_SELF = YES;
				CLANG_WARN_OBJC_LITERAL_CONVERSION = YES;
				CLANG_WARN_OBJC_ROOT_CLASS = YES_ERROR;
				CLANG_WARN_QUOTED_INCLUDE_IN_FRAMEWORK_HEADER = YES;
				CLANG_WARN_RANGE_LOOP_ANALYSIS = YES;
				CLANG_WARN_STRICT_PROTOTYPES = YES;
				CLANG_WARN_SUSPICIOUS_MOVE = YES;
				CLANG_WARN_UNGUARDED_AVAILABILITY = YES_AGGRESSIVE;
				CLANG_WARN_UNREACHABLE_CODE = YES;
				CLANG_WARN__DUPLICATE_METHOD_MATCH = YES;
				COPY_PHASE_STRIP = NO;
				CURRENT_PROJECT_VERSION = 1;
				DEBUG_INFORMATION_FORMAT = dwarf;
				ENABLE_STRICT_OBJC_MSGSEND = YES;
				ENABLE_TESTABILITY = YES;
				GCC_C_LANGUAGE_STANDARD = gnu11;
				GCC_DYNAMIC_NO_PIC = NO;
				GCC_NO_COMMON_BLOCKS = YES;
				GCC_OPTIMIZATION_LEVEL = 0;
				GCC_PREPROCESSOR_DEFINITIONS = (
					"$(inherited)",
					"DEBUG=1",
				);
				GCC_WARN_64_TO_32_BIT_CONVERSION = YES;
				GCC_WARN_ABOUT_RETURN_TYPE = YES_ERROR;
				GCC_WARN_UNDECLARED_SELECTOR = YES;
				GCC_WARN_UNINITIALIZED_AUTOS = YES_AGGRESSIVE;
				GCC_WARN_UNUSED_FUNCTION = YES;
				GCC_WARN_UNUSED_VARIABLE = YES;
				IPHONEOS_DEPLOYMENT_TARGET = 17.0;
				MARKETING_VERSION = 0.1.0;
				MTL_ENABLE_DEBUG_INFO = INCLUDE_SOURCE;
				MTL_FAST_MATH = YES;
				ONLY_ACTIVE_ARCH = YES;
				PRODUCT_NAME = "$(TARGET_NAME)";
				SDKROOT = iphoneos;
				SWIFT_ACTIVE_COMPILATION_CONDITIONS = DEBUG;
				SWIFT_OPTIMIZATION_LEVEL = "-Onone";
				SWIFT_VERSION = 5.0;
			};
			name = DebugDev;
		};
		6113BF7C0B6203DEBCD0EB62 /* ReleaseProd */ = {
			isa = XCBuildConfiguration;
			buildSettings = {
				ASSETCATALOG_COMPILER_APPICON_NAME = AppIcon;
				CODE_SIGN_ENTITLEMENTS = Resources/VinctusNative.entitlements;
				CODE_SIGN_IDENTITY = "iPhone Developer";
				GOOGLE_REVERSED_CLIENT_ID = "";
				INFOPLIST_FILE = Resources/Info.plist;
				IPHONEOS_DEPLOYMENT_TARGET = 17.0;
				LD_RUNPATH_SEARCH_PATHS = (
					"$(inherited)",
					"@executable_path/Frameworks",
				);
				PRODUCT_BUNDLE_IDENTIFIER = app.vinctus.social;
				SDKROOT = iphoneos;
				TARGETED_DEVICE_FAMILY = "1,2";
				VINCTUS_ENV = prod;
			};
			name = ReleaseProd;
		};
		654D449FFDFD2E9B70C1704B /* ReleaseProd */ = {
			isa = XCBuildConfiguration;
			buildSettings = {
				BUNDLE_LOADER = "$(TEST_HOST)";
				GENERATE_INFOPLIST_FILE = YES;
				LD_RUNPATH_SEARCH_PATHS = (
					"$(inherited)",
					"@executable_path/Frameworks",
					"@loader_path/Frameworks",
				);
				SDKROOT = iphoneos;
				TARGETED_DEVICE_FAMILY = "1,2";
				TEST_HOST = "$(BUILT_PRODUCTS_DIR)/VinctusNative.app/VinctusNative";
			};
			name = ReleaseProd;
		};
		999A992BF58E617C9AF35306 /* DebugDev */ = {
			isa = XCBuildConfiguration;
			buildSettings = {
				BUNDLE_LOADER = "$(TEST_HOST)";
				GENERATE_INFOPLIST_FILE = YES;
				LD_RUNPATH_SEARCH_PATHS = (
					"$(inherited)",
					"@executable_path/Frameworks",
					"@loader_path/Frameworks",
				);
				SDKROOT = iphoneos;
				TARGETED_DEVICE_FAMILY = "1,2";
				TEST_HOST = "$(BUILT_PRODUCTS_DIR)/VinctusNative.app/VinctusNative";
			};
			name = DebugDev;
		};
		B14E61B5EF6BC2828D4B45A9 /* DebugProd */ = {
			isa = XCBuildConfiguration;
			buildSettings = {
				BUNDLE_LOADER = "$(TEST_HOST)";
				GENERATE_INFOPLIST_FILE = YES;
				LD_RUNPATH_SEARCH_PATHS = (
					"$(inherited)",
					"@executable_path/Frameworks",
					"@loader_path/Frameworks",
				);
				SDKROOT = iphoneos;
				TARGETED_DEVICE_FAMILY = "1,2";
				TEST_HOST = "$(BUILT_PRODUCTS_DIR)/VinctusNative.app/VinctusNative";
			};
			name = DebugProd;
		};
		B41F800B5221FBEE2F0A2A10 /* DebugDev */ = {
			isa = XCBuildConfiguration;
			buildSettings = {
				ASSETCATALOG_COMPILER_APPICON_NAME = AppIcon;
				CODE_SIGN_ENTITLEMENTS = Resources/VinctusNative.entitlements;
				CODE_SIGN_IDENTITY = "iPhone Developer";
				GOOGLE_REVERSED_CLIENT_ID = "";
				INFOPLIST_FILE = Resources/Info.plist;
				IPHONEOS_DEPLOYMENT_TARGET = 17.0;
				LD_RUNPATH_SEARCH_PATHS = (
					"$(inherited)",
					"@executable_path/Frameworks",
				);
				PRODUCT_BUNDLE_IDENTIFIER = app.vinctus.social;
				SDKROOT = iphoneos;
				TARGETED_DEVICE_FAMILY = "1,2";
				VINCTUS_ENV = dev;
			};
			name = DebugDev;
		};
		BACC66141851E04B4E2DE9CC /* DebugProd */ = {
			isa = XCBuildConfiguration;
			buildSettings = {
				ALWAYS_SEARCH_USER_PATHS = NO;
				CLANG_ANALYZER_NONNULL = YES;
				CLANG_ANALYZER_NUMBER_OBJECT_CONVERSION = YES_AGGRESSIVE;
				CLANG_CXX_LANGUAGE_STANDARD = "gnu++14";
				CLANG_CXX_LIBRARY = "libc++";
				CLANG_ENABLE_MODULES = YES;
				CLANG_ENABLE_OBJC_ARC = YES;
				CLANG_ENABLE_OBJC_WEAK = YES;
				CLANG_WARN_BLOCK_CAPTURE_AUTORELEASING = YES;
				CLANG_WARN_BOOL_CONVERSION = YES;
				CLANG_WARN_COMMA = YES;
				CLANG_WARN_CONSTANT_CONVERSION = YES;
				CLANG_WARN_DEPRECATED_OBJC_IMPLEMENTATIONS = YES;
				CLANG_WARN_DIRECT_OBJC_ISA_USAGE = YES_ERROR;
				CLANG_WARN_DOCUMENTATION_COMMENTS = YES;
				CLANG_WARN_EMPTY_BODY = YES;
				CLANG_WARN_ENUM_CONVERSION = YES;
				CLANG_WARN_INFINITE_RECURSION = YES;
				CLANG_WARN_INT_CONVERSION = YES;
				CLANG_WARN_NON_LITERAL_NULL_CONVERSION = YES;
				CLANG_WARN_OBJC_IMPLICIT_RETAIN_SELF = YES;
				CLANG_WARN_OBJC_LITERAL_CONVERSION = YES;
				CLANG_WARN_OBJC_ROOT_CLASS = YES_ERROR;
				CLANG_WARN_QUOTED_INCLUDE_IN_FRAMEWORK_HEADER = YES;
				CLANG_WARN_RANGE_LOOP_ANALYSIS = YES;
				CLANG_WARN_STRICT_PROTOTYPES = YES;
				CLANG_WARN_SUSPICIOUS_MOVE = YES;
				CLANG_WARN_UNGUARDED_AVAILABILITY = YES_AGGRESSIVE;
				CLANG_WARN_UNREACHABLE_CODE = YES;
				CLANG_WARN__DUPLICATE_METHOD_MATCH = YES;
				COPY_PHASE_STRIP = NO;
				CURRENT_PROJECT_VERSION = 1;
				DEBUG_INFORMATION_FORMAT = dwarf;
				ENABLE_STRICT_OBJC_MSGSEND = YES;
				ENABLE_TESTABILITY = YES;
				GCC_C_LANGUAGE_STANDARD = gnu11;
				GCC_DYNAMIC_NO_PIC = NO;
				GCC_NO_COMMON_BLOCKS = YES;
				GCC_OPTIMIZATION_LEVEL = 0;
				GCC_PREPROCESSOR_DEFINITIONS = (
					"$(inherited)",
					"DEBUG=1",
				);
				GCC_WARN_64_TO_32_BIT_CONVERSION = YES;
				GCC_WARN_ABOUT_RETURN_TYPE = YES_ERROR;
				GCC_WARN_UNDECLARED_SELECTOR = YES;
				GCC_WARN_UNINITIALIZED_AUTOS = YES_AGGRESSIVE;
				GCC_WARN_UNUSED_FUNCTION = YES;
				GCC_WARN_UNUSED_VARIABLE = YES;
				IPHONEOS_DEPLOYMENT_TARGET = 17.0;
				MARKETING_VERSION = 0.1.0;
				MTL_ENABLE_DEBUG_INFO = INCLUDE_SOURCE;
				MTL_FAST_MATH = YES;
				ONLY_ACTIVE_ARCH = YES;
				PRODUCT_NAME = "$(TARGET_NAME)";
				SDKROOT = iphoneos;
				SWIFT_ACTIVE_COMPILATION_CONDITIONS = DEBUG;
				SWIFT_OPTIMIZATION_LEVEL = "-Onone";
				SWIFT_VERSION = 5.0;
			};
			name = DebugProd;
		};
		D5709947F74FEDEFDD80DE3F /* DebugProd */ = {
			isa = XCBuildConfiguration;
			buildSettings = {
				ASSETCATALOG_COMPILER_APPICON_NAME = AppIcon;
				CODE_SIGN_ENTITLEMENTS = Resources/VinctusNative.entitlements;
				CODE_SIGN_IDENTITY = "iPhone Developer";
				GOOGLE_REVERSED_CLIENT_ID = "";
				INFOPLIST_FILE = Resources/Info.plist;
				IPHONEOS_DEPLOYMENT_TARGET = 17.0;
				LD_RUNPATH_SEARCH_PATHS = (
					"$(inherited)",
					"@executable_path/Frameworks",
				);
				PRODUCT_BUNDLE_IDENTIFIER = app.vinctus.social;
				SDKROOT = iphoneos;
				TARGETED_DEVICE_FAMILY = "1,2";
				VINCTUS_ENV = prod;
			};
			name = DebugProd;
		};
		EABC0E48E2D4D4C384072ACE /* DebugStaging */ = {
			isa = XCBuildConfiguration;
			buildSettings = {
				ALWAYS_SEARCH_USER_PATHS = NO;
				CLANG_ANALYZER_NONNULL = YES;
				CLANG_ANALYZER_NUMBER_OBJECT_CONVERSION = YES_AGGRESSIVE;
				CLANG_CXX_LANGUAGE_STANDARD = "gnu++14";
				CLANG_CXX_LIBRARY = "libc++";
				CLANG_ENABLE_MODULES = YES;
				CLANG_ENABLE_OBJC_ARC = YES;
				CLANG_ENABLE_OBJC_WEAK = YES;
				CLANG_WARN_BLOCK_CAPTURE_AUTORELEASING = YES;
				CLANG_WARN_BOOL_CONVERSION = YES;
				CLANG_WARN_COMMA = YES;
				CLANG_WARN_CONSTANT_CONVERSION = YES;
				CLANG_WARN_DEPRECATED_OBJC_IMPLEMENTATIONS = YES;
				CLANG_WARN_DIRECT_OBJC_ISA_USAGE = YES_ERROR;
				CLANG_WARN_DOCUMENTATION_COMMENTS = YES;
				CLANG_WARN_EMPTY_BODY = YES;
				CLANG_WARN_ENUM_CONVERSION = YES;
				CLANG_WARN_INFINITE_RECURSION = YES;
				CLANG_WARN_INT_CONVERSION = YES;
				CLANG_WARN_NON_LITERAL_NULL_CONVERSION = YES;
				CLANG_WARN_OBJC_IMPLICIT_RETAIN_SELF = YES;
				CLANG_WARN_OBJC_LITERAL_CONVERSION = YES;
				CLANG_WARN_OBJC_ROOT_CLASS = YES_ERROR;
				CLANG_WARN_QUOTED_INCLUDE_IN_FRAMEWORK_HEADER = YES;
				CLANG_WARN_RANGE_LOOP_ANALYSIS = YES;
				CLANG_WARN_STRICT_PROTOTYPES = YES;
				CLANG_WARN_SUSPICIOUS_MOVE = YES;
				CLANG_WARN_UNGUARDED_AVAILABILITY = YES_AGGRESSIVE;
				CLANG_WARN_UNREACHABLE_CODE = YES;
				CLANG_WARN__DUPLICATE_METHOD_MATCH = YES;
				COPY_PHASE_STRIP = NO;
				CURRENT_PROJECT_VERSION = 1;
				DEBUG_INFORMATION_FORMAT = dwarf;
				ENABLE_STRICT_OBJC_MSGSEND = YES;
				ENABLE_TESTABILITY = YES;
				GCC_C_LANGUAGE_STANDARD = gnu11;
				GCC_DYNAMIC_NO_PIC = NO;
				GCC_NO_COMMON_BLOCKS = YES;
				GCC_OPTIMIZATION_LEVEL = 0;
				GCC_PREPROCESSOR_DEFINITIONS = (
					"$(inherited)",
					"DEBUG=1",
				);
				GCC_WARN_64_TO_32_BIT_CONVERSION = YES;
				GCC_WARN_ABOUT_RETURN_TYPE = YES_ERROR;
				GCC_WARN_UNDECLARED_SELECTOR = YES;
				GCC_WARN_UNINITIALIZED_AUTOS = YES_AGGRESSIVE;
				GCC_WARN_UNUSED_FUNCTION = YES;
				GCC_WARN_UNUSED_VARIABLE = YES;
				IPHONEOS_DEPLOYMENT_TARGET = 17.0;
				MARKETING_VERSION = 0.1.0;
				MTL_ENABLE_DEBUG_INFO = INCLUDE_SOURCE;
				MTL_FAST_MATH = YES;
				ONLY_ACTIVE_ARCH = YES;
				PRODUCT_NAME = "$(TARGET_NAME)";
				SDKROOT = iphoneos;
				SWIFT_ACTIVE_COMPILATION_CONDITIONS = DEBUG;
				SWIFT_OPTIMIZATION_LEVEL = "-Onone";
				SWIFT_VERSION = 5.0;
			};
			name = DebugStaging;
		};
/* End XCBuildConfiguration section */

/* Begin XCConfigurationList section */
		09D1BAAE3D9D4A0F995F5AA9 /* Build configuration list for PBXNativeTarget "VinctusNativeTests" */ = {
			isa = XCConfigurationList;
			buildConfigurations = (
				999A992BF58E617C9AF35306 /* DebugDev */,
				B14E61B5EF6BC2828D4B45A9 /* DebugProd */,
				10D5258ADFD1AEDF2575C9B2 /* DebugStaging */,
				654D449FFDFD2E9B70C1704B /* ReleaseProd */,
			);
			defaultConfigurationIsVisible = 0;
			defaultConfigurationName = DebugDev;
		};
		1588BA2ACA136E9415FE1B71 /* Build configuration list for PBXProject "VinctusNative" */ = {
			isa = XCConfigurationList;
			buildConfigurations = (
				2EE2713D8D25E8E6460134E5 /* DebugDev */,
				BACC66141851E04B4E2DE9CC /* DebugProd */,
				EABC0E48E2D4D4C384072ACE /* DebugStaging */,
				09C1BA5B65F95764878C10C6 /* ReleaseProd */,
			);
			defaultConfigurationIsVisible = 0;
			defaultConfigurationName = DebugDev;
		};
		FB9C8A56AD53FC42DB8412CF /* Build configuration list for PBXNativeTarget "VinctusNative" */ = {
			isa = XCConfigurationList;
			buildConfigurations = (
				B41F800B5221FBEE2F0A2A10 /* DebugDev */,
				D5709947F74FEDEFDD80DE3F /* DebugProd */,
				060EC0993BFA69948424948D /* DebugStaging */,
				6113BF7C0B6203DEBCD0EB62 /* ReleaseProd */,
			);
			defaultConfigurationIsVisible = 0;
			defaultConfigurationName = DebugDev;
		};
/* End XCConfigurationList section */

/* Begin XCRemoteSwiftPackageReference section */
		8FE22ECD341DE620C1578912 /* XCRemoteSwiftPackageReference "GoogleSignIn-iOS" */ = {
			isa = XCRemoteSwiftPackageReference;
			repositoryURL = "https://github.com/google/GoogleSignIn-iOS";
			requirement = {
				kind = upToNextMajorVersion;
				minimumVersion = 9.0.0;
			};
		};
		A75E6CC52208AE511D979338 /* XCRemoteSwiftPackageReference "firebase-ios-sdk" */ = {
			isa = XCRemoteSwiftPackageReference;
			repositoryURL = "https://github.com/firebase/firebase-ios-sdk.git";
			requirement = {
				kind = upToNextMajorVersion;
				minimumVersion = 11.0.0;
			};
		};
/* End XCRemoteSwiftPackageReference section */

/* Begin XCSwiftPackageProductDependency section */
		044E1F95CB1FA517D5923FCC /* FirebaseFunctions */ = {
			isa = XCSwiftPackageProductDependency;
			package = A75E6CC52208AE511D979338 /* XCRemoteSwiftPackageReference "firebase-ios-sdk" */;
			productName = FirebaseFunctions;
		};
		1DFC0389A2A3A8827925595D /* FirebaseAuth */ = {
			isa = XCSwiftPackageProductDependency;
			package = A75E6CC52208AE511D979338 /* XCRemoteSwiftPackageReference "firebase-ios-sdk" */;
			productName = FirebaseAuth;
		};
		215BFDEA7DFD70B3F014FF94 /* FirebaseStorage */ = {
			isa = XCSwiftPackageProductDependency;
			package = A75E6CC52208AE511D979338 /* XCRemoteSwiftPackageReference "firebase-ios-sdk" */;
			productName = FirebaseStorage;
		};
		64134F618816ABD24D123A39 /* FirebaseFirestore */ = {
			isa = XCSwiftPackageProductDependency;
			package = A75E6CC52208AE511D979338 /* XCRemoteSwiftPackageReference "firebase-ios-sdk" */;
			productName = FirebaseFirestore;
		};
		94BC5A68B5818E1E2DCBF558 /* GoogleSignIn */ = {
			isa = XCSwiftPackageProductDependency;
			package = 8FE22ECD341DE620C1578912 /* XCRemoteSwiftPackageReference "GoogleSignIn-iOS" */;
			productName = GoogleSignIn;
		};
/* End XCSwiftPackageProductDependency section */
	};
	rootObject = C69454A017B116083EB8D97D /* Project object */;
}
